// !$*UTF8*$!
{
	archiveVersion = 1;
	classes = {
	};
	objectVersion = 46;
	objects = {

/* Begin PBXBuildFile section */
		OBJ_159 /* Logger.swift in Sources */ = {isa = PBXBuildFile; fileRef = OBJ_141 /* Logger.swift */; };
		OBJ_166 /* Socket.swift in Sources */ = {isa = PBXBuildFile; fileRef = OBJ_136 /* Socket.swift */; };
		OBJ_167 /* SocketProtocols.swift in Sources */ = {isa = PBXBuildFile; fileRef = OBJ_137 /* SocketProtocols.swift */; };
		OBJ_168 /* SocketUtils.swift in Sources */ = {isa = PBXBuildFile; fileRef = OBJ_138 /* SocketUtils.swift */; };
		OBJ_175 /* SSLService.swift in Sources */ = {isa = PBXBuildFile; fileRef = OBJ_133 /* SSLService.swift */; };
		OBJ_177 /* Socket.framework in Frameworks */ = {isa = PBXBuildFile; fileRef = OBJ_144 /* Socket.framework */; };
		OBJ_184 /* BufferList.swift in Sources */ = {isa = PBXBuildFile; fileRef = OBJ_87 /* BufferList.swift */; };
		OBJ_185 /* ClientRequest.swift in Sources */ = {isa = PBXBuildFile; fileRef = OBJ_88 /* ClientRequest.swift */; };
		OBJ_186 /* ClientResponse.swift in Sources */ = {isa = PBXBuildFile; fileRef = OBJ_89 /* ClientResponse.swift */; };
		OBJ_187 /* ConnectionUpgradeFactory.swift in Sources */ = {isa = PBXBuildFile; fileRef = OBJ_90 /* ConnectionUpgradeFactory.swift */; };
		OBJ_188 /* ConnectionUpgrader.swift in Sources */ = {isa = PBXBuildFile; fileRef = OBJ_91 /* ConnectionUpgrader.swift */; };
		OBJ_189 /* Error.swift in Sources */ = {isa = PBXBuildFile; fileRef = OBJ_92 /* Error.swift */; };
		OBJ_190 /* HeadersContainer.swift in Sources */ = {isa = PBXBuildFile; fileRef = OBJ_93 /* HeadersContainer.swift */; };
		OBJ_191 /* IncomingSocketHandler.swift in Sources */ = {isa = PBXBuildFile; fileRef = OBJ_94 /* IncomingSocketHandler.swift */; };
		OBJ_192 /* IncomingSocketManager.swift in Sources */ = {isa = PBXBuildFile; fileRef = OBJ_95 /* IncomingSocketManager.swift */; };
		OBJ_193 /* IncomingSocketProcessor.swift in Sources */ = {isa = PBXBuildFile; fileRef = OBJ_96 /* IncomingSocketProcessor.swift */; };
		OBJ_194 /* ListenerGroup.swift in Sources */ = {isa = PBXBuildFile; fileRef = OBJ_97 /* ListenerGroup.swift */; };
		OBJ_195 /* ServerRequest.swift in Sources */ = {isa = PBXBuildFile; fileRef = OBJ_98 /* ServerRequest.swift */; };
		OBJ_196 /* ServerResponse.swift in Sources */ = {isa = PBXBuildFile; fileRef = OBJ_99 /* ServerResponse.swift */; };
		OBJ_197 /* SPIUtils.swift in Sources */ = {isa = PBXBuildFile; fileRef = OBJ_100 /* SPIUtils.swift */; };
		OBJ_198 /* FastCGI.swift in Sources */ = {isa = PBXBuildFile; fileRef = OBJ_102 /* FastCGI.swift */; };
		OBJ_199 /* FastCGIRecordCreate.swift in Sources */ = {isa = PBXBuildFile; fileRef = OBJ_103 /* FastCGIRecordCreate.swift */; };
		OBJ_200 /* FastCGIRecordParser.swift in Sources */ = {isa = PBXBuildFile; fileRef = OBJ_104 /* FastCGIRecordParser.swift */; };
		OBJ_201 /* FastCGIServer.swift in Sources */ = {isa = PBXBuildFile; fileRef = OBJ_105 /* FastCGIServer.swift */; };
		OBJ_202 /* FastCGIServerRequest.swift in Sources */ = {isa = PBXBuildFile; fileRef = OBJ_106 /* FastCGIServerRequest.swift */; };
		OBJ_203 /* FastCGIServerResponse.swift in Sources */ = {isa = PBXBuildFile; fileRef = OBJ_107 /* FastCGIServerResponse.swift */; };
		OBJ_204 /* HTTP.swift in Sources */ = {isa = PBXBuildFile; fileRef = OBJ_109 /* HTTP.swift */; };
		OBJ_205 /* HTTPServer.swift in Sources */ = {isa = PBXBuildFile; fileRef = OBJ_110 /* HTTPServer.swift */; };
		OBJ_206 /* HTTPServerRequest.swift in Sources */ = {isa = PBXBuildFile; fileRef = OBJ_111 /* HTTPServerRequest.swift */; };
		OBJ_207 /* HTTPServerResponse.swift in Sources */ = {isa = PBXBuildFile; fileRef = OBJ_112 /* HTTPServerResponse.swift */; };
		OBJ_208 /* IncomingHTTPSocketProcessor.swift in Sources */ = {isa = PBXBuildFile; fileRef = OBJ_113 /* IncomingHTTPSocketProcessor.swift */; };
		OBJ_209 /* HTTPParser.swift in Sources */ = {isa = PBXBuildFile; fileRef = OBJ_115 /* HTTPParser.swift */; };
		OBJ_210 /* HTTPParserStatus.swift in Sources */ = {isa = PBXBuildFile; fileRef = OBJ_116 /* HTTPParserStatus.swift */; };
		OBJ_211 /* ParseResults.swift in Sources */ = {isa = PBXBuildFile; fileRef = OBJ_117 /* ParseResults.swift */; };
		OBJ_212 /* URLParser.swift in Sources */ = {isa = PBXBuildFile; fileRef = OBJ_118 /* URLParser.swift */; };
		OBJ_213 /* Server.swift in Sources */ = {isa = PBXBuildFile; fileRef = OBJ_120 /* Server.swift */; };
		OBJ_214 /* ServerDelegate.swift in Sources */ = {isa = PBXBuildFile; fileRef = OBJ_121 /* ServerDelegate.swift */; };
		OBJ_215 /* ServerLifecycleListener.swift in Sources */ = {isa = PBXBuildFile; fileRef = OBJ_122 /* ServerLifecycleListener.swift */; };
		OBJ_216 /* ServerMonitor.swift in Sources */ = {isa = PBXBuildFile; fileRef = OBJ_123 /* ServerMonitor.swift */; };
		OBJ_217 /* ServerState.swift in Sources */ = {isa = PBXBuildFile; fileRef = OBJ_124 /* ServerState.swift */; };
		OBJ_219 /* LoggerAPI.framework in Frameworks */ = {isa = PBXBuildFile; fileRef = OBJ_143 /* LoggerAPI.framework */; };
		OBJ_220 /* Socket.framework in Frameworks */ = {isa = PBXBuildFile; fileRef = OBJ_144 /* Socket.framework */; };
		OBJ_221 /* SSLService.framework in Frameworks */ = {isa = PBXBuildFile; fileRef = OBJ_145 /* SSLService.framework */; };
		OBJ_222 /* CHTTPParser.framework in Frameworks */ = {isa = PBXBuildFile; fileRef = OBJ_147 /* CHTTPParser.framework */; };
		OBJ_233 /* http_parser.c in Sources */ = {isa = PBXBuildFile; fileRef = OBJ_126 /* http_parser.c */; };
		OBJ_234 /* utils.c in Sources */ = {isa = PBXBuildFile; fileRef = OBJ_127 /* utils.c */; };
		OBJ_236 /* LoggerAPI.framework in Frameworks */ = {isa = PBXBuildFile; fileRef = OBJ_143 /* LoggerAPI.framework */; };
		OBJ_237 /* Socket.framework in Frameworks */ = {isa = PBXBuildFile; fileRef = OBJ_144 /* Socket.framework */; };
		OBJ_238 /* SSLService.framework in Frameworks */ = {isa = PBXBuildFile; fileRef = OBJ_145 /* SSLService.framework */; };
		OBJ_247 /* LclJSONSerialization.swift in Sources */ = {isa = PBXBuildFile; fileRef = OBJ_83 /* LclJSONSerialization.swift */; };
		OBJ_248 /* SwiftyJSON.swift in Sources */ = {isa = PBXBuildFile; fileRef = OBJ_84 /* SwiftyJSON.swift */; };
		OBJ_255 /* TemplateEngine.swift in Sources */ = {isa = PBXBuildFile; fileRef = OBJ_81 /* TemplateEngine.swift */; };
		OBJ_262 /* Error.swift in Sources */ = {isa = PBXBuildFile; fileRef = OBJ_33 /* Error.swift */; };
		OBJ_263 /* FileResourceServer.swift in Sources */ = {isa = PBXBuildFile; fileRef = OBJ_34 /* FileResourceServer.swift */; };
		OBJ_264 /* Headers.swift in Sources */ = {isa = PBXBuildFile; fileRef = OBJ_35 /* Headers.swift */; };
		OBJ_265 /* HTTPVersion.swift in Sources */ = {isa = PBXBuildFile; fileRef = OBJ_36 /* HTTPVersion.swift */; };
		OBJ_266 /* InternalError.swift in Sources */ = {isa = PBXBuildFile; fileRef = OBJ_37 /* InternalError.swift */; };
		OBJ_267 /* JSONPError.swift in Sources */ = {isa = PBXBuildFile; fileRef = OBJ_38 /* JSONPError.swift */; };
		OBJ_268 /* Kitura.swift in Sources */ = {isa = PBXBuildFile; fileRef = OBJ_39 /* Kitura.swift */; };
		OBJ_269 /* LinkParameter.swift in Sources */ = {isa = PBXBuildFile; fileRef = OBJ_40 /* LinkParameter.swift */; };
		OBJ_270 /* MimeTypeAcceptor.swift in Sources */ = {isa = PBXBuildFile; fileRef = OBJ_41 /* MimeTypeAcceptor.swift */; };
		OBJ_271 /* Router.swift in Sources */ = {isa = PBXBuildFile; fileRef = OBJ_42 /* Router.swift */; };
		OBJ_272 /* RouteRegex.swift in Sources */ = {isa = PBXBuildFile; fileRef = OBJ_43 /* RouteRegex.swift */; };
		OBJ_273 /* RouterElement.swift in Sources */ = {isa = PBXBuildFile; fileRef = OBJ_44 /* RouterElement.swift */; };
		OBJ_274 /* RouterElementWalker.swift in Sources */ = {isa = PBXBuildFile; fileRef = OBJ_45 /* RouterElementWalker.swift */; };
		OBJ_275 /* RouterHandler.swift in Sources */ = {isa = PBXBuildFile; fileRef = OBJ_46 /* RouterHandler.swift */; };
		OBJ_276 /* RouterHTTPVerbs+Error.swift in Sources */ = {isa = PBXBuildFile; fileRef = OBJ_47 /* RouterHTTPVerbs+Error.swift */; };
		OBJ_277 /* RouterHTTPVerbs_generated.swift in Sources */ = {isa = PBXBuildFile; fileRef = OBJ_48 /* RouterHTTPVerbs_generated.swift */; };
		OBJ_278 /* RouterMethod.swift in Sources */ = {isa = PBXBuildFile; fileRef = OBJ_49 /* RouterMethod.swift */; };
		OBJ_279 /* RouterMiddleware.swift in Sources */ = {isa = PBXBuildFile; fileRef = OBJ_50 /* RouterMiddleware.swift */; };
		OBJ_280 /* RouterMiddlewareGenerator.swift in Sources */ = {isa = PBXBuildFile; fileRef = OBJ_51 /* RouterMiddlewareGenerator.swift */; };
		OBJ_281 /* RouterMiddlewareWalker.swift in Sources */ = {isa = PBXBuildFile; fileRef = OBJ_52 /* RouterMiddlewareWalker.swift */; };
		OBJ_282 /* RouterParameterWalker.swift in Sources */ = {isa = PBXBuildFile; fileRef = OBJ_53 /* RouterParameterWalker.swift */; };
		OBJ_283 /* RouterRequest.swift in Sources */ = {isa = PBXBuildFile; fileRef = OBJ_54 /* RouterRequest.swift */; };
		OBJ_284 /* RouterResponse.swift in Sources */ = {isa = PBXBuildFile; fileRef = OBJ_55 /* RouterResponse.swift */; };
		OBJ_285 /* SSLConfig.swift in Sources */ = {isa = PBXBuildFile; fileRef = OBJ_56 /* SSLConfig.swift */; };
		OBJ_286 /* String+Extensions.swift in Sources */ = {isa = PBXBuildFile; fileRef = OBJ_57 /* String+Extensions.swift */; };
		OBJ_287 /* TemplatingError.swift in Sources */ = {isa = PBXBuildFile; fileRef = OBJ_58 /* TemplatingError.swift */; };
		OBJ_288 /* BodyParser.swift in Sources */ = {isa = PBXBuildFile; fileRef = OBJ_60 /* BodyParser.swift */; };
		OBJ_289 /* BodyParserProtocol.swift in Sources */ = {isa = PBXBuildFile; fileRef = OBJ_61 /* BodyParserProtocol.swift */; };
		OBJ_290 /* JSONBodyParser.swift in Sources */ = {isa = PBXBuildFile; fileRef = OBJ_62 /* JSONBodyParser.swift */; };
		OBJ_291 /* MultiPartBodyParser.swift in Sources */ = {isa = PBXBuildFile; fileRef = OBJ_63 /* MultiPartBodyParser.swift */; };
		OBJ_292 /* ParsedBody.swift in Sources */ = {isa = PBXBuildFile; fileRef = OBJ_64 /* ParsedBody.swift */; };
		OBJ_293 /* Part.swift in Sources */ = {isa = PBXBuildFile; fileRef = OBJ_65 /* Part.swift */; };
		OBJ_294 /* RawBodyParser.swift in Sources */ = {isa = PBXBuildFile; fileRef = OBJ_66 /* RawBodyParser.swift */; };
		OBJ_295 /* TextBodyParser.swift in Sources */ = {isa = PBXBuildFile; fileRef = OBJ_67 /* TextBodyParser.swift */; };
		OBJ_296 /* URLEncodedBodyParser.swift in Sources */ = {isa = PBXBuildFile; fileRef = OBJ_68 /* URLEncodedBodyParser.swift */; };
		OBJ_297 /* ContentType.swift in Sources */ = {isa = PBXBuildFile; fileRef = OBJ_70 /* ContentType.swift */; };
		OBJ_298 /* types.swift in Sources */ = {isa = PBXBuildFile; fileRef = OBJ_71 /* types.swift */; };
		OBJ_299 /* CacheRelatedHeadersSetter.swift in Sources */ = {isa = PBXBuildFile; fileRef = OBJ_73 /* CacheRelatedHeadersSetter.swift */; };
		OBJ_300 /* CompositeHeadersSetter.swift in Sources */ = {isa = PBXBuildFile; fileRef = OBJ_74 /* CompositeHeadersSetter.swift */; };
		OBJ_301 /* FileServer.swift in Sources */ = {isa = PBXBuildFile; fileRef = OBJ_75 /* FileServer.swift */; };
		OBJ_302 /* ResourcePathHandler.swift in Sources */ = {isa = PBXBuildFile; fileRef = OBJ_76 /* ResourcePathHandler.swift */; };
		OBJ_303 /* ResponseHeadersSetter.swift in Sources */ = {isa = PBXBuildFile; fileRef = OBJ_77 /* ResponseHeadersSetter.swift */; };
		OBJ_304 /* StaticFileServer.swift in Sources */ = {isa = PBXBuildFile; fileRef = OBJ_78 /* StaticFileServer.swift */; };
		OBJ_306 /* LoggerAPI.framework in Frameworks */ = {isa = PBXBuildFile; fileRef = OBJ_143 /* LoggerAPI.framework */; };
		OBJ_307 /* Socket.framework in Frameworks */ = {isa = PBXBuildFile; fileRef = OBJ_144 /* Socket.framework */; };
		OBJ_308 /* SSLService.framework in Frameworks */ = {isa = PBXBuildFile; fileRef = OBJ_145 /* SSLService.framework */; };
		OBJ_309 /* CHTTPParser.framework in Frameworks */ = {isa = PBXBuildFile; fileRef = OBJ_147 /* CHTTPParser.framework */; };
		OBJ_310 /* KituraNet.framework in Frameworks */ = {isa = PBXBuildFile; fileRef = OBJ_146 /* KituraNet.framework */; };
		OBJ_311 /* SwiftyJSON.framework in Frameworks */ = {isa = PBXBuildFile; fileRef = OBJ_148 /* SwiftyJSON.framework */; };
		OBJ_312 /* KituraTemplateEngine.framework in Frameworks */ = {isa = PBXBuildFile; fileRef = OBJ_149 /* KituraTemplateEngine.framework */; };
		OBJ_325 /* Redis+Basic.swift in Sources */ = {isa = PBXBuildFile; fileRef = OBJ_16 /* Redis+Basic.swift */; };
		OBJ_326 /* Redis+Hash.swift in Sources */ = {isa = PBXBuildFile; fileRef = OBJ_17 /* Redis+Hash.swift */; };
		OBJ_327 /* Redis+List.swift in Sources */ = {isa = PBXBuildFile; fileRef = OBJ_18 /* Redis+List.swift */; };
		OBJ_328 /* Redis+Set.swift in Sources */ = {isa = PBXBuildFile; fileRef = OBJ_19 /* Redis+Set.swift */; };
		OBJ_329 /* Redis+SortedSet.swift in Sources */ = {isa = PBXBuildFile; fileRef = OBJ_20 /* Redis+SortedSet.swift */; };
		OBJ_330 /* Redis.swift in Sources */ = {isa = PBXBuildFile; fileRef = OBJ_21 /* Redis.swift */; };
		OBJ_331 /* RedisInfo.swift in Sources */ = {isa = PBXBuildFile; fileRef = OBJ_22 /* RedisInfo.swift */; };
		OBJ_332 /* RedisMisc.swift in Sources */ = {isa = PBXBuildFile; fileRef = OBJ_23 /* RedisMisc.swift */; };
		OBJ_333 /* RedisMulti+Basic.swift in Sources */ = {isa = PBXBuildFile; fileRef = OBJ_24 /* RedisMulti+Basic.swift */; };
		OBJ_334 /* RedisMulti+Hash.swift in Sources */ = {isa = PBXBuildFile; fileRef = OBJ_25 /* RedisMulti+Hash.swift */; };
		OBJ_335 /* RedisMulti+List.swift in Sources */ = {isa = PBXBuildFile; fileRef = OBJ_26 /* RedisMulti+List.swift */; };
		OBJ_336 /* RedisMulti+Set.swift in Sources */ = {isa = PBXBuildFile; fileRef = OBJ_27 /* RedisMulti+Set.swift */; };
		OBJ_337 /* RedisMulti+SortedSet.swift in Sources */ = {isa = PBXBuildFile; fileRef = OBJ_28 /* RedisMulti+SortedSet.swift */; };
		OBJ_338 /* RedisMulti.swift in Sources */ = {isa = PBXBuildFile; fileRef = OBJ_29 /* RedisMulti.swift */; };
		OBJ_339 /* RedisResp.swift in Sources */ = {isa = PBXBuildFile; fileRef = OBJ_30 /* RedisResp.swift */; };
		OBJ_341 /* Socket.framework in Frameworks */ = {isa = PBXBuildFile; fileRef = OBJ_144 /* Socket.framework */; };
		OBJ_348 /* HeliumLogger.swift in Sources */ = {isa = PBXBuildFile; fileRef = OBJ_13 /* HeliumLogger.swift */; };
		OBJ_349 /* HeliumStreamLogger.swift in Sources */ = {isa = PBXBuildFile; fileRef = OBJ_14 /* HeliumStreamLogger.swift */; };
		OBJ_351 /* LoggerAPI.framework in Frameworks */ = {isa = PBXBuildFile; fileRef = OBJ_143 /* LoggerAPI.framework */; };
		OBJ_358 /* main.swift in Sources */ = {isa = PBXBuildFile; fileRef = OBJ_8 /* main.swift */; };
		OBJ_360 /* LoggerAPI.framework in Frameworks */ = {isa = PBXBuildFile; fileRef = OBJ_143 /* LoggerAPI.framework */; };
		OBJ_361 /* Socket.framework in Frameworks */ = {isa = PBXBuildFile; fileRef = OBJ_144 /* Socket.framework */; };
		OBJ_362 /* SSLService.framework in Frameworks */ = {isa = PBXBuildFile; fileRef = OBJ_145 /* SSLService.framework */; };
		OBJ_363 /* CHTTPParser.framework in Frameworks */ = {isa = PBXBuildFile; fileRef = OBJ_147 /* CHTTPParser.framework */; };
		OBJ_364 /* KituraNet.framework in Frameworks */ = {isa = PBXBuildFile; fileRef = OBJ_146 /* KituraNet.framework */; };
		OBJ_365 /* SwiftyJSON.framework in Frameworks */ = {isa = PBXBuildFile; fileRef = OBJ_148 /* SwiftyJSON.framework */; };
		OBJ_366 /* KituraTemplateEngine.framework in Frameworks */ = {isa = PBXBuildFile; fileRef = OBJ_149 /* KituraTemplateEngine.framework */; };
		OBJ_367 /* Kitura.framework in Frameworks */ = {isa = PBXBuildFile; fileRef = OBJ_150 /* Kitura.framework */; };
		OBJ_368 /* SwiftRedis.framework in Frameworks */ = {isa = PBXBuildFile; fileRef = OBJ_151 /* SwiftRedis.framework */; };
		OBJ_369 /* HeliumLogger.framework in Frameworks */ = {isa = PBXBuildFile; fileRef = OBJ_152 /* HeliumLogger.framework */; };
/* End PBXBuildFile section */

/* Begin PBXContainerItemProxy section */
		C65E1A891ED32A1E00577708 /* PBXContainerItemProxy */ = {
			isa = PBXContainerItemProxy;
			containerPortal = OBJ_1 /* Project object */;
			proxyType = 1;
			remoteGlobalIDString = OBJ_154;
			remoteInfo = LoggerAPI;
		};
		C65E1A8A1ED32A1E00577708 /* PBXContainerItemProxy */ = {
			isa = PBXContainerItemProxy;
			containerPortal = OBJ_1 /* Project object */;
			proxyType = 1;
			remoteGlobalIDString = OBJ_161;
			remoteInfo = Socket;
		};
		C65E1A8B1ED32A1E00577708 /* PBXContainerItemProxy */ = {
			isa = PBXContainerItemProxy;
			containerPortal = OBJ_1 /* Project object */;
			proxyType = 1;
			remoteGlobalIDString = OBJ_170;
			remoteInfo = SSLService;
		};
		C65E1A8C1ED32A1E00577708 /* PBXContainerItemProxy */ = {
			isa = PBXContainerItemProxy;
			containerPortal = OBJ_1 /* Project object */;
			proxyType = 1;
			remoteGlobalIDString = OBJ_161;
			remoteInfo = Socket;
		};
		C65E1A8D1ED32A1E00577708 /* PBXContainerItemProxy */ = {
			isa = PBXContainerItemProxy;
			containerPortal = OBJ_1 /* Project object */;
			proxyType = 1;
			remoteGlobalIDString = OBJ_227;
			remoteInfo = CHTTPParser;
		};
		C65E1A8E1ED32A1E00577708 /* PBXContainerItemProxy */ = {
			isa = PBXContainerItemProxy;
			containerPortal = OBJ_1 /* Project object */;
			proxyType = 1;
			remoteGlobalIDString = OBJ_154;
			remoteInfo = LoggerAPI;
		};
		C65E1A8F1ED32A1E00577708 /* PBXContainerItemProxy */ = {
			isa = PBXContainerItemProxy;
			containerPortal = OBJ_1 /* Project object */;
			proxyType = 1;
			remoteGlobalIDString = OBJ_161;
			remoteInfo = Socket;
		};
		C65E1A901ED32A1E00577708 /* PBXContainerItemProxy */ = {
			isa = PBXContainerItemProxy;
			containerPortal = OBJ_1 /* Project object */;
			proxyType = 1;
			remoteGlobalIDString = OBJ_170;
			remoteInfo = SSLService;
		};
		C65E1A911ED32A1E00577708 /* PBXContainerItemProxy */ = {
			isa = PBXContainerItemProxy;
			containerPortal = OBJ_1 /* Project object */;
			proxyType = 1;
			remoteGlobalIDString = OBJ_179;
			remoteInfo = KituraNet;
		};
		C65E1A921ED32A1E00577708 /* PBXContainerItemProxy */ = {
			isa = PBXContainerItemProxy;
			containerPortal = OBJ_1 /* Project object */;
			proxyType = 1;
			remoteGlobalIDString = OBJ_154;
			remoteInfo = LoggerAPI;
		};
		C65E1A931ED32A1E00577708 /* PBXContainerItemProxy */ = {
			isa = PBXContainerItemProxy;
			containerPortal = OBJ_1 /* Project object */;
			proxyType = 1;
			remoteGlobalIDString = OBJ_161;
			remoteInfo = Socket;
		};
		C65E1A941ED32A1E00577708 /* PBXContainerItemProxy */ = {
			isa = PBXContainerItemProxy;
			containerPortal = OBJ_1 /* Project object */;
			proxyType = 1;
			remoteGlobalIDString = OBJ_170;
			remoteInfo = SSLService;
		};
		C65E1A951ED32A1E00577708 /* PBXContainerItemProxy */ = {
			isa = PBXContainerItemProxy;
			containerPortal = OBJ_1 /* Project object */;
			proxyType = 1;
			remoteGlobalIDString = OBJ_227;
			remoteInfo = CHTTPParser;
		};
		C65E1A961ED32A1E00577708 /* PBXContainerItemProxy */ = {
			isa = PBXContainerItemProxy;
			containerPortal = OBJ_1 /* Project object */;
			proxyType = 1;
			remoteGlobalIDString = OBJ_242;
			remoteInfo = SwiftyJSON;
		};
		C65E1A971ED32A1E00577708 /* PBXContainerItemProxy */ = {
			isa = PBXContainerItemProxy;
			containerPortal = OBJ_1 /* Project object */;
			proxyType = 1;
			remoteGlobalIDString = OBJ_250;
			remoteInfo = KituraTemplateEngine;
		};
		C65E1A981ED32A1E00577708 /* PBXContainerItemProxy */ = {
			isa = PBXContainerItemProxy;
			containerPortal = OBJ_1 /* Project object */;
			proxyType = 1;
			remoteGlobalIDString = OBJ_257;
			remoteInfo = Kitura;
		};
		C65E1A991ED32A1E00577708 /* PBXContainerItemProxy */ = {
			isa = PBXContainerItemProxy;
			containerPortal = OBJ_1 /* Project object */;
			proxyType = 1;
			remoteGlobalIDString = OBJ_154;
			remoteInfo = LoggerAPI;
		};
		C65E1A9A1ED32A1E00577708 /* PBXContainerItemProxy */ = {
			isa = PBXContainerItemProxy;
			containerPortal = OBJ_1 /* Project object */;
			proxyType = 1;
			remoteGlobalIDString = OBJ_161;
			remoteInfo = Socket;
		};
		C65E1A9B1ED32A1E00577708 /* PBXContainerItemProxy */ = {
			isa = PBXContainerItemProxy;
			containerPortal = OBJ_1 /* Project object */;
			proxyType = 1;
			remoteGlobalIDString = OBJ_170;
			remoteInfo = SSLService;
		};
		C65E1A9C1ED32A1E00577708 /* PBXContainerItemProxy */ = {
			isa = PBXContainerItemProxy;
			containerPortal = OBJ_1 /* Project object */;
			proxyType = 1;
			remoteGlobalIDString = OBJ_227;
			remoteInfo = CHTTPParser;
		};
		C65E1A9D1ED32A1E00577708 /* PBXContainerItemProxy */ = {
			isa = PBXContainerItemProxy;
			containerPortal = OBJ_1 /* Project object */;
			proxyType = 1;
			remoteGlobalIDString = OBJ_179;
			remoteInfo = KituraNet;
		};
		C65E1A9E1ED32A1E00577708 /* PBXContainerItemProxy */ = {
			isa = PBXContainerItemProxy;
			containerPortal = OBJ_1 /* Project object */;
			proxyType = 1;
			remoteGlobalIDString = OBJ_242;
			remoteInfo = SwiftyJSON;
		};
		C65E1A9F1ED32A1E00577708 /* PBXContainerItemProxy */ = {
			isa = PBXContainerItemProxy;
			containerPortal = OBJ_1 /* Project object */;
			proxyType = 1;
			remoteGlobalIDString = OBJ_250;
			remoteInfo = KituraTemplateEngine;
		};
		C65E1AA01ED32A1E00577708 /* PBXContainerItemProxy */ = {
			isa = PBXContainerItemProxy;
			containerPortal = OBJ_1 /* Project object */;
			proxyType = 1;
			remoteGlobalIDString = OBJ_320;
			remoteInfo = SwiftRedis;
		};
		C65E1AA11ED32A1E00577708 /* PBXContainerItemProxy */ = {
			isa = PBXContainerItemProxy;
			containerPortal = OBJ_1 /* Project object */;
			proxyType = 1;
			remoteGlobalIDString = OBJ_161;
			remoteInfo = Socket;
		};
		C65E1AA21ED32A1E00577708 /* PBXContainerItemProxy */ = {
			isa = PBXContainerItemProxy;
			containerPortal = OBJ_1 /* Project object */;
			proxyType = 1;
			remoteGlobalIDString = OBJ_343;
			remoteInfo = HeliumLogger;
		};
		C65E1AA31ED32A1E00577708 /* PBXContainerItemProxy */ = {
			isa = PBXContainerItemProxy;
			containerPortal = OBJ_1 /* Project object */;
			proxyType = 1;
			remoteGlobalIDString = OBJ_154;
			remoteInfo = LoggerAPI;
		};
/* End PBXContainerItemProxy section */

/* Begin PBXFileReference section */
		OBJ_100 /* SPIUtils.swift */ = {isa = PBXFileReference; lastKnownFileType = sourcecode.swift; path = SPIUtils.swift; sourceTree = "<group>"; };
		OBJ_102 /* FastCGI.swift */ = {isa = PBXFileReference; lastKnownFileType = sourcecode.swift; path = FastCGI.swift; sourceTree = "<group>"; };
		OBJ_103 /* FastCGIRecordCreate.swift */ = {isa = PBXFileReference; lastKnownFileType = sourcecode.swift; path = FastCGIRecordCreate.swift; sourceTree = "<group>"; };
		OBJ_104 /* FastCGIRecordParser.swift */ = {isa = PBXFileReference; lastKnownFileType = sourcecode.swift; path = FastCGIRecordParser.swift; sourceTree = "<group>"; };
		OBJ_105 /* FastCGIServer.swift */ = {isa = PBXFileReference; lastKnownFileType = sourcecode.swift; path = FastCGIServer.swift; sourceTree = "<group>"; };
		OBJ_106 /* FastCGIServerRequest.swift */ = {isa = PBXFileReference; lastKnownFileType = sourcecode.swift; path = FastCGIServerRequest.swift; sourceTree = "<group>"; };
		OBJ_107 /* FastCGIServerResponse.swift */ = {isa = PBXFileReference; lastKnownFileType = sourcecode.swift; path = FastCGIServerResponse.swift; sourceTree = "<group>"; };
		OBJ_109 /* HTTP.swift */ = {isa = PBXFileReference; lastKnownFileType = sourcecode.swift; path = HTTP.swift; sourceTree = "<group>"; };
		OBJ_110 /* HTTPServer.swift */ = {isa = PBXFileReference; lastKnownFileType = sourcecode.swift; path = HTTPServer.swift; sourceTree = "<group>"; };
		OBJ_111 /* HTTPServerRequest.swift */ = {isa = PBXFileReference; lastKnownFileType = sourcecode.swift; path = HTTPServerRequest.swift; sourceTree = "<group>"; };
		OBJ_112 /* HTTPServerResponse.swift */ = {isa = PBXFileReference; lastKnownFileType = sourcecode.swift; path = HTTPServerResponse.swift; sourceTree = "<group>"; };
		OBJ_113 /* IncomingHTTPSocketProcessor.swift */ = {isa = PBXFileReference; lastKnownFileType = sourcecode.swift; path = IncomingHTTPSocketProcessor.swift; sourceTree = "<group>"; };
		OBJ_115 /* HTTPParser.swift */ = {isa = PBXFileReference; lastKnownFileType = sourcecode.swift; path = HTTPParser.swift; sourceTree = "<group>"; };
		OBJ_116 /* HTTPParserStatus.swift */ = {isa = PBXFileReference; lastKnownFileType = sourcecode.swift; path = HTTPParserStatus.swift; sourceTree = "<group>"; };
		OBJ_117 /* ParseResults.swift */ = {isa = PBXFileReference; lastKnownFileType = sourcecode.swift; path = ParseResults.swift; sourceTree = "<group>"; };
		OBJ_118 /* URLParser.swift */ = {isa = PBXFileReference; lastKnownFileType = sourcecode.swift; path = URLParser.swift; sourceTree = "<group>"; };
		OBJ_120 /* Server.swift */ = {isa = PBXFileReference; lastKnownFileType = sourcecode.swift; path = Server.swift; sourceTree = "<group>"; };
		OBJ_121 /* ServerDelegate.swift */ = {isa = PBXFileReference; lastKnownFileType = sourcecode.swift; path = ServerDelegate.swift; sourceTree = "<group>"; };
		OBJ_122 /* ServerLifecycleListener.swift */ = {isa = PBXFileReference; lastKnownFileType = sourcecode.swift; path = ServerLifecycleListener.swift; sourceTree = "<group>"; };
		OBJ_123 /* ServerMonitor.swift */ = {isa = PBXFileReference; lastKnownFileType = sourcecode.swift; path = ServerMonitor.swift; sourceTree = "<group>"; };
		OBJ_124 /* ServerState.swift */ = {isa = PBXFileReference; lastKnownFileType = sourcecode.swift; path = ServerState.swift; sourceTree = "<group>"; };
		OBJ_126 /* http_parser.c */ = {isa = PBXFileReference; lastKnownFileType = sourcecode.c.c; path = http_parser.c; sourceTree = "<group>"; };
		OBJ_127 /* utils.c */ = {isa = PBXFileReference; lastKnownFileType = sourcecode.c.c; path = utils.c; sourceTree = "<group>"; };
		OBJ_129 /* http_parser.h */ = {isa = PBXFileReference; lastKnownFileType = sourcecode.c.h; path = http_parser.h; sourceTree = "<group>"; };
		OBJ_13 /* HeliumLogger.swift */ = {isa = PBXFileReference; lastKnownFileType = sourcecode.swift; path = HeliumLogger.swift; sourceTree = "<group>"; };
		OBJ_130 /* utils.h */ = {isa = PBXFileReference; lastKnownFileType = sourcecode.c.h; path = utils.h; sourceTree = "<group>"; };
		OBJ_131 /* module.modulemap */ = {isa = PBXFileReference; lastKnownFileType = "sourcecode.module-map"; name = module.modulemap; path = "/Users/jgavris/code/bni-builds/.build/checkouts/Kitura-net.git--7410958935072501107/Sources/CHTTPParser/include/module.modulemap"; sourceTree = "<group>"; };
		OBJ_133 /* SSLService.swift */ = {isa = PBXFileReference; lastKnownFileType = sourcecode.swift; path = SSLService.swift; sourceTree = "<group>"; };
		OBJ_136 /* Socket.swift */ = {isa = PBXFileReference; lastKnownFileType = sourcecode.swift; path = Socket.swift; sourceTree = "<group>"; };
		OBJ_137 /* SocketProtocols.swift */ = {isa = PBXFileReference; lastKnownFileType = sourcecode.swift; path = SocketProtocols.swift; sourceTree = "<group>"; };
		OBJ_138 /* SocketUtils.swift */ = {isa = PBXFileReference; lastKnownFileType = sourcecode.swift; path = SocketUtils.swift; sourceTree = "<group>"; };
		OBJ_14 /* HeliumStreamLogger.swift */ = {isa = PBXFileReference; lastKnownFileType = sourcecode.swift; path = HeliumStreamLogger.swift; sourceTree = "<group>"; };
		OBJ_141 /* Logger.swift */ = {isa = PBXFileReference; lastKnownFileType = sourcecode.swift; path = Logger.swift; sourceTree = "<group>"; };
		OBJ_143 /* LoggerAPI.framework */ = {isa = PBXFileReference; explicitFileType = wrapper.framework; path = LoggerAPI.framework; sourceTree = BUILT_PRODUCTS_DIR; };
		OBJ_144 /* Socket.framework */ = {isa = PBXFileReference; explicitFileType = wrapper.framework; path = Socket.framework; sourceTree = BUILT_PRODUCTS_DIR; };
		OBJ_145 /* SSLService.framework */ = {isa = PBXFileReference; explicitFileType = wrapper.framework; path = SSLService.framework; sourceTree = BUILT_PRODUCTS_DIR; };
		OBJ_146 /* KituraNet.framework */ = {isa = PBXFileReference; explicitFileType = wrapper.framework; path = KituraNet.framework; sourceTree = BUILT_PRODUCTS_DIR; };
		OBJ_147 /* CHTTPParser.framework */ = {isa = PBXFileReference; explicitFileType = wrapper.framework; path = CHTTPParser.framework; sourceTree = BUILT_PRODUCTS_DIR; };
		OBJ_148 /* SwiftyJSON.framework */ = {isa = PBXFileReference; explicitFileType = wrapper.framework; path = SwiftyJSON.framework; sourceTree = BUILT_PRODUCTS_DIR; };
		OBJ_149 /* KituraTemplateEngine.framework */ = {isa = PBXFileReference; explicitFileType = wrapper.framework; path = KituraTemplateEngine.framework; sourceTree = BUILT_PRODUCTS_DIR; };
		OBJ_150 /* Kitura.framework */ = {isa = PBXFileReference; explicitFileType = wrapper.framework; path = Kitura.framework; sourceTree = BUILT_PRODUCTS_DIR; };
		OBJ_151 /* SwiftRedis.framework */ = {isa = PBXFileReference; explicitFileType = wrapper.framework; path = SwiftRedis.framework; sourceTree = BUILT_PRODUCTS_DIR; };
		OBJ_152 /* HeliumLogger.framework */ = {isa = PBXFileReference; explicitFileType = wrapper.framework; path = HeliumLogger.framework; sourceTree = BUILT_PRODUCTS_DIR; };
		OBJ_153 /* bni-builds */ = {isa = PBXFileReference; lastKnownFileType = text; path = "bni-builds"; sourceTree = BUILT_PRODUCTS_DIR; };
		OBJ_16 /* Redis+Basic.swift */ = {isa = PBXFileReference; lastKnownFileType = sourcecode.swift; path = "Redis+Basic.swift"; sourceTree = "<group>"; };
		OBJ_17 /* Redis+Hash.swift */ = {isa = PBXFileReference; lastKnownFileType = sourcecode.swift; path = "Redis+Hash.swift"; sourceTree = "<group>"; };
		OBJ_18 /* Redis+List.swift */ = {isa = PBXFileReference; lastKnownFileType = sourcecode.swift; path = "Redis+List.swift"; sourceTree = "<group>"; };
		OBJ_19 /* Redis+Set.swift */ = {isa = PBXFileReference; lastKnownFileType = sourcecode.swift; path = "Redis+Set.swift"; sourceTree = "<group>"; };
		OBJ_20 /* Redis+SortedSet.swift */ = {isa = PBXFileReference; lastKnownFileType = sourcecode.swift; path = "Redis+SortedSet.swift"; sourceTree = "<group>"; };
		OBJ_21 /* Redis.swift */ = {isa = PBXFileReference; lastKnownFileType = sourcecode.swift; path = Redis.swift; sourceTree = "<group>"; };
		OBJ_22 /* RedisInfo.swift */ = {isa = PBXFileReference; lastKnownFileType = sourcecode.swift; path = RedisInfo.swift; sourceTree = "<group>"; };
		OBJ_23 /* RedisMisc.swift */ = {isa = PBXFileReference; lastKnownFileType = sourcecode.swift; path = RedisMisc.swift; sourceTree = "<group>"; };
		OBJ_24 /* RedisMulti+Basic.swift */ = {isa = PBXFileReference; lastKnownFileType = sourcecode.swift; path = "RedisMulti+Basic.swift"; sourceTree = "<group>"; };
		OBJ_25 /* RedisMulti+Hash.swift */ = {isa = PBXFileReference; lastKnownFileType = sourcecode.swift; path = "RedisMulti+Hash.swift"; sourceTree = "<group>"; };
		OBJ_26 /* RedisMulti+List.swift */ = {isa = PBXFileReference; lastKnownFileType = sourcecode.swift; path = "RedisMulti+List.swift"; sourceTree = "<group>"; };
		OBJ_27 /* RedisMulti+Set.swift */ = {isa = PBXFileReference; lastKnownFileType = sourcecode.swift; path = "RedisMulti+Set.swift"; sourceTree = "<group>"; };
		OBJ_28 /* RedisMulti+SortedSet.swift */ = {isa = PBXFileReference; lastKnownFileType = sourcecode.swift; path = "RedisMulti+SortedSet.swift"; sourceTree = "<group>"; };
		OBJ_29 /* RedisMulti.swift */ = {isa = PBXFileReference; lastKnownFileType = sourcecode.swift; path = RedisMulti.swift; sourceTree = "<group>"; };
		OBJ_30 /* RedisResp.swift */ = {isa = PBXFileReference; lastKnownFileType = sourcecode.swift; path = RedisResp.swift; sourceTree = "<group>"; };
		OBJ_33 /* Error.swift */ = {isa = PBXFileReference; lastKnownFileType = sourcecode.swift; path = Error.swift; sourceTree = "<group>"; };
		OBJ_34 /* FileResourceServer.swift */ = {isa = PBXFileReference; lastKnownFileType = sourcecode.swift; path = FileResourceServer.swift; sourceTree = "<group>"; };
		OBJ_35 /* Headers.swift */ = {isa = PBXFileReference; lastKnownFileType = sourcecode.swift; path = Headers.swift; sourceTree = "<group>"; };
		OBJ_36 /* HTTPVersion.swift */ = {isa = PBXFileReference; lastKnownFileType = sourcecode.swift; path = HTTPVersion.swift; sourceTree = "<group>"; };
		OBJ_37 /* InternalError.swift */ = {isa = PBXFileReference; lastKnownFileType = sourcecode.swift; path = InternalError.swift; sourceTree = "<group>"; };
		OBJ_38 /* JSONPError.swift */ = {isa = PBXFileReference; lastKnownFileType = sourcecode.swift; path = JSONPError.swift; sourceTree = "<group>"; };
		OBJ_39 /* Kitura.swift */ = {isa = PBXFileReference; lastKnownFileType = sourcecode.swift; path = Kitura.swift; sourceTree = "<group>"; };
		OBJ_40 /* LinkParameter.swift */ = {isa = PBXFileReference; lastKnownFileType = sourcecode.swift; path = LinkParameter.swift; sourceTree = "<group>"; };
		OBJ_41 /* MimeTypeAcceptor.swift */ = {isa = PBXFileReference; lastKnownFileType = sourcecode.swift; path = MimeTypeAcceptor.swift; sourceTree = "<group>"; };
		OBJ_42 /* Router.swift */ = {isa = PBXFileReference; lastKnownFileType = sourcecode.swift; path = Router.swift; sourceTree = "<group>"; };
		OBJ_43 /* RouteRegex.swift */ = {isa = PBXFileReference; lastKnownFileType = sourcecode.swift; path = RouteRegex.swift; sourceTree = "<group>"; };
		OBJ_44 /* RouterElement.swift */ = {isa = PBXFileReference; lastKnownFileType = sourcecode.swift; path = RouterElement.swift; sourceTree = "<group>"; };
		OBJ_45 /* RouterElementWalker.swift */ = {isa = PBXFileReference; lastKnownFileType = sourcecode.swift; path = RouterElementWalker.swift; sourceTree = "<group>"; };
		OBJ_46 /* RouterHandler.swift */ = {isa = PBXFileReference; lastKnownFileType = sourcecode.swift; path = RouterHandler.swift; sourceTree = "<group>"; };
		OBJ_47 /* RouterHTTPVerbs+Error.swift */ = {isa = PBXFileReference; lastKnownFileType = sourcecode.swift; path = "RouterHTTPVerbs+Error.swift"; sourceTree = "<group>"; };
		OBJ_48 /* RouterHTTPVerbs_generated.swift */ = {isa = PBXFileReference; lastKnownFileType = sourcecode.swift; path = RouterHTTPVerbs_generated.swift; sourceTree = "<group>"; };
		OBJ_49 /* RouterMethod.swift */ = {isa = PBXFileReference; lastKnownFileType = sourcecode.swift; path = RouterMethod.swift; sourceTree = "<group>"; };
		OBJ_50 /* RouterMiddleware.swift */ = {isa = PBXFileReference; lastKnownFileType = sourcecode.swift; path = RouterMiddleware.swift; sourceTree = "<group>"; };
		OBJ_51 /* RouterMiddlewareGenerator.swift */ = {isa = PBXFileReference; lastKnownFileType = sourcecode.swift; path = RouterMiddlewareGenerator.swift; sourceTree = "<group>"; };
		OBJ_52 /* RouterMiddlewareWalker.swift */ = {isa = PBXFileReference; lastKnownFileType = sourcecode.swift; path = RouterMiddlewareWalker.swift; sourceTree = "<group>"; };
		OBJ_53 /* RouterParameterWalker.swift */ = {isa = PBXFileReference; lastKnownFileType = sourcecode.swift; path = RouterParameterWalker.swift; sourceTree = "<group>"; };
		OBJ_54 /* RouterRequest.swift */ = {isa = PBXFileReference; lastKnownFileType = sourcecode.swift; path = RouterRequest.swift; sourceTree = "<group>"; };
		OBJ_55 /* RouterResponse.swift */ = {isa = PBXFileReference; lastKnownFileType = sourcecode.swift; path = RouterResponse.swift; sourceTree = "<group>"; };
		OBJ_56 /* SSLConfig.swift */ = {isa = PBXFileReference; lastKnownFileType = sourcecode.swift; path = SSLConfig.swift; sourceTree = "<group>"; };
		OBJ_57 /* String+Extensions.swift */ = {isa = PBXFileReference; lastKnownFileType = sourcecode.swift; path = "String+Extensions.swift"; sourceTree = "<group>"; };
		OBJ_58 /* TemplatingError.swift */ = {isa = PBXFileReference; lastKnownFileType = sourcecode.swift; path = TemplatingError.swift; sourceTree = "<group>"; };
		OBJ_6 /* Package.swift */ = {isa = PBXFileReference; explicitFileType = sourcecode.swift; path = Package.swift; sourceTree = "<group>"; };
		OBJ_60 /* BodyParser.swift */ = {isa = PBXFileReference; lastKnownFileType = sourcecode.swift; path = BodyParser.swift; sourceTree = "<group>"; };
		OBJ_61 /* BodyParserProtocol.swift */ = {isa = PBXFileReference; lastKnownFileType = sourcecode.swift; path = BodyParserProtocol.swift; sourceTree = "<group>"; };
		OBJ_62 /* JSONBodyParser.swift */ = {isa = PBXFileReference; lastKnownFileType = sourcecode.swift; path = JSONBodyParser.swift; sourceTree = "<group>"; };
		OBJ_63 /* MultiPartBodyParser.swift */ = {isa = PBXFileReference; lastKnownFileType = sourcecode.swift; path = MultiPartBodyParser.swift; sourceTree = "<group>"; };
		OBJ_64 /* ParsedBody.swift */ = {isa = PBXFileReference; lastKnownFileType = sourcecode.swift; path = ParsedBody.swift; sourceTree = "<group>"; };
		OBJ_65 /* Part.swift */ = {isa = PBXFileReference; lastKnownFileType = sourcecode.swift; path = Part.swift; sourceTree = "<group>"; };
		OBJ_66 /* RawBodyParser.swift */ = {isa = PBXFileReference; lastKnownFileType = sourcecode.swift; path = RawBodyParser.swift; sourceTree = "<group>"; };
		OBJ_67 /* TextBodyParser.swift */ = {isa = PBXFileReference; lastKnownFileType = sourcecode.swift; path = TextBodyParser.swift; sourceTree = "<group>"; };
		OBJ_68 /* URLEncodedBodyParser.swift */ = {isa = PBXFileReference; lastKnownFileType = sourcecode.swift; path = URLEncodedBodyParser.swift; sourceTree = "<group>"; };
		OBJ_70 /* ContentType.swift */ = {isa = PBXFileReference; lastKnownFileType = sourcecode.swift; path = ContentType.swift; sourceTree = "<group>"; };
		OBJ_71 /* types.swift */ = {isa = PBXFileReference; lastKnownFileType = sourcecode.swift; path = types.swift; sourceTree = "<group>"; };
		OBJ_73 /* CacheRelatedHeadersSetter.swift */ = {isa = PBXFileReference; lastKnownFileType = sourcecode.swift; path = CacheRelatedHeadersSetter.swift; sourceTree = "<group>"; };
		OBJ_74 /* CompositeHeadersSetter.swift */ = {isa = PBXFileReference; lastKnownFileType = sourcecode.swift; path = CompositeHeadersSetter.swift; sourceTree = "<group>"; };
		OBJ_75 /* FileServer.swift */ = {isa = PBXFileReference; lastKnownFileType = sourcecode.swift; path = FileServer.swift; sourceTree = "<group>"; };
		OBJ_76 /* ResourcePathHandler.swift */ = {isa = PBXFileReference; lastKnownFileType = sourcecode.swift; path = ResourcePathHandler.swift; sourceTree = "<group>"; };
		OBJ_77 /* ResponseHeadersSetter.swift */ = {isa = PBXFileReference; lastKnownFileType = sourcecode.swift; path = ResponseHeadersSetter.swift; sourceTree = "<group>"; };
		OBJ_78 /* StaticFileServer.swift */ = {isa = PBXFileReference; lastKnownFileType = sourcecode.swift; path = StaticFileServer.swift; sourceTree = "<group>"; };
		OBJ_8 /* main.swift */ = {isa = PBXFileReference; lastKnownFileType = sourcecode.swift; path = main.swift; sourceTree = "<group>"; };
		OBJ_81 /* TemplateEngine.swift */ = {isa = PBXFileReference; lastKnownFileType = sourcecode.swift; path = TemplateEngine.swift; sourceTree = "<group>"; };
		OBJ_83 /* LclJSONSerialization.swift */ = {isa = PBXFileReference; lastKnownFileType = sourcecode.swift; path = LclJSONSerialization.swift; sourceTree = "<group>"; };
		OBJ_84 /* SwiftyJSON.swift */ = {isa = PBXFileReference; lastKnownFileType = sourcecode.swift; path = SwiftyJSON.swift; sourceTree = "<group>"; };
		OBJ_87 /* BufferList.swift */ = {isa = PBXFileReference; lastKnownFileType = sourcecode.swift; path = BufferList.swift; sourceTree = "<group>"; };
		OBJ_88 /* ClientRequest.swift */ = {isa = PBXFileReference; lastKnownFileType = sourcecode.swift; path = ClientRequest.swift; sourceTree = "<group>"; };
		OBJ_89 /* ClientResponse.swift */ = {isa = PBXFileReference; lastKnownFileType = sourcecode.swift; path = ClientResponse.swift; sourceTree = "<group>"; };
		OBJ_90 /* ConnectionUpgradeFactory.swift */ = {isa = PBXFileReference; lastKnownFileType = sourcecode.swift; path = ConnectionUpgradeFactory.swift; sourceTree = "<group>"; };
		OBJ_91 /* ConnectionUpgrader.swift */ = {isa = PBXFileReference; lastKnownFileType = sourcecode.swift; path = ConnectionUpgrader.swift; sourceTree = "<group>"; };
		OBJ_92 /* Error.swift */ = {isa = PBXFileReference; lastKnownFileType = sourcecode.swift; path = Error.swift; sourceTree = "<group>"; };
		OBJ_93 /* HeadersContainer.swift */ = {isa = PBXFileReference; lastKnownFileType = sourcecode.swift; path = HeadersContainer.swift; sourceTree = "<group>"; };
		OBJ_94 /* IncomingSocketHandler.swift */ = {isa = PBXFileReference; lastKnownFileType = sourcecode.swift; path = IncomingSocketHandler.swift; sourceTree = "<group>"; };
		OBJ_95 /* IncomingSocketManager.swift */ = {isa = PBXFileReference; lastKnownFileType = sourcecode.swift; path = IncomingSocketManager.swift; sourceTree = "<group>"; };
		OBJ_96 /* IncomingSocketProcessor.swift */ = {isa = PBXFileReference; lastKnownFileType = sourcecode.swift; path = IncomingSocketProcessor.swift; sourceTree = "<group>"; };
		OBJ_97 /* ListenerGroup.swift */ = {isa = PBXFileReference; lastKnownFileType = sourcecode.swift; path = ListenerGroup.swift; sourceTree = "<group>"; };
		OBJ_98 /* ServerRequest.swift */ = {isa = PBXFileReference; lastKnownFileType = sourcecode.swift; path = ServerRequest.swift; sourceTree = "<group>"; };
		OBJ_99 /* ServerResponse.swift */ = {isa = PBXFileReference; lastKnownFileType = sourcecode.swift; path = ServerResponse.swift; sourceTree = "<group>"; };
/* End PBXFileReference section */

/* Begin PBXFrameworksBuildPhase section */
		OBJ_160 /* Frameworks */ = {
			isa = PBXFrameworksBuildPhase;
			buildActionMask = 0;
			files = (
			);
			runOnlyForDeploymentPostprocessing = 0;
		};
		OBJ_169 /* Frameworks */ = {
			isa = PBXFrameworksBuildPhase;
			buildActionMask = 0;
			files = (
			);
			runOnlyForDeploymentPostprocessing = 0;
		};
		OBJ_176 /* Frameworks */ = {
			isa = PBXFrameworksBuildPhase;
			buildActionMask = 0;
			files = (
				OBJ_177 /* Socket.framework in Frameworks */,
			);
			runOnlyForDeploymentPostprocessing = 0;
		};
		OBJ_218 /* Frameworks */ = {
			isa = PBXFrameworksBuildPhase;
			buildActionMask = 0;
			files = (
				OBJ_219 /* LoggerAPI.framework in Frameworks */,
				OBJ_220 /* Socket.framework in Frameworks */,
				OBJ_221 /* SSLService.framework in Frameworks */,
				OBJ_222 /* CHTTPParser.framework in Frameworks */,
			);
			runOnlyForDeploymentPostprocessing = 0;
		};
		OBJ_235 /* Frameworks */ = {
			isa = PBXFrameworksBuildPhase;
			buildActionMask = 0;
			files = (
				OBJ_236 /* LoggerAPI.framework in Frameworks */,
				OBJ_237 /* Socket.framework in Frameworks */,
				OBJ_238 /* SSLService.framework in Frameworks */,
			);
			runOnlyForDeploymentPostprocessing = 0;
		};
		OBJ_249 /* Frameworks */ = {
			isa = PBXFrameworksBuildPhase;
			buildActionMask = 0;
			files = (
			);
			runOnlyForDeploymentPostprocessing = 0;
		};
		OBJ_256 /* Frameworks */ = {
			isa = PBXFrameworksBuildPhase;
			buildActionMask = 0;
			files = (
			);
			runOnlyForDeploymentPostprocessing = 0;
		};
		OBJ_305 /* Frameworks */ = {
			isa = PBXFrameworksBuildPhase;
			buildActionMask = 0;
			files = (
				OBJ_306 /* LoggerAPI.framework in Frameworks */,
				OBJ_307 /* Socket.framework in Frameworks */,
				OBJ_308 /* SSLService.framework in Frameworks */,
				OBJ_309 /* CHTTPParser.framework in Frameworks */,
				OBJ_310 /* KituraNet.framework in Frameworks */,
				OBJ_311 /* SwiftyJSON.framework in Frameworks */,
				OBJ_312 /* KituraTemplateEngine.framework in Frameworks */,
			);
			runOnlyForDeploymentPostprocessing = 0;
		};
		OBJ_340 /* Frameworks */ = {
			isa = PBXFrameworksBuildPhase;
			buildActionMask = 0;
			files = (
				OBJ_341 /* Socket.framework in Frameworks */,
			);
			runOnlyForDeploymentPostprocessing = 0;
		};
		OBJ_350 /* Frameworks */ = {
			isa = PBXFrameworksBuildPhase;
			buildActionMask = 0;
			files = (
				OBJ_351 /* LoggerAPI.framework in Frameworks */,
			);
			runOnlyForDeploymentPostprocessing = 0;
		};
		OBJ_359 /* Frameworks */ = {
			isa = PBXFrameworksBuildPhase;
			buildActionMask = 0;
			files = (
				OBJ_360 /* LoggerAPI.framework in Frameworks */,
				OBJ_361 /* Socket.framework in Frameworks */,
				OBJ_362 /* SSLService.framework in Frameworks */,
				OBJ_363 /* CHTTPParser.framework in Frameworks */,
				OBJ_364 /* KituraNet.framework in Frameworks */,
				OBJ_365 /* SwiftyJSON.framework in Frameworks */,
				OBJ_366 /* KituraTemplateEngine.framework in Frameworks */,
				OBJ_367 /* Kitura.framework in Frameworks */,
				OBJ_368 /* SwiftRedis.framework in Frameworks */,
				OBJ_369 /* HeliumLogger.framework in Frameworks */,
			);
			runOnlyForDeploymentPostprocessing = 0;
		};
/* End PBXFrameworksBuildPhase section */

/* Begin PBXGroup section */
		OBJ_10 /* Dependencies */ = {
			isa = PBXGroup;
			children = (
				OBJ_11 /* HeliumLogger 1.7.0 */,
				OBJ_15 /* SwiftRedis 1.7.0 */,
				OBJ_31 /* Kitura 1.7.3 */,
				OBJ_79 /* Kitura-TemplateEngine 1.7.0 */,
				OBJ_82 /* SwiftyJSON 16.0.0 */,
				OBJ_85 /* Kitura-net 1.7.6 */,
				OBJ_132 /* SSLService 0.12.34 */,
				OBJ_134 /* CCurl 0.2.3 */,
				OBJ_135 /* Socket 0.12.49 */,
				OBJ_139 /* LoggerAPI 1.7.0 */,
			);
			name = Dependencies;
			sourceTree = "<group>";
		};
		OBJ_101 /* FastCGI */ = {
			isa = PBXGroup;
			children = (
				OBJ_102 /* FastCGI.swift */,
				OBJ_103 /* FastCGIRecordCreate.swift */,
				OBJ_104 /* FastCGIRecordParser.swift */,
				OBJ_105 /* FastCGIServer.swift */,
				OBJ_106 /* FastCGIServerRequest.swift */,
				OBJ_107 /* FastCGIServerResponse.swift */,
			);
			path = FastCGI;
			sourceTree = "<group>";
		};
		OBJ_108 /* HTTP */ = {
			isa = PBXGroup;
			children = (
				OBJ_109 /* HTTP.swift */,
				OBJ_110 /* HTTPServer.swift */,
				OBJ_111 /* HTTPServerRequest.swift */,
				OBJ_112 /* HTTPServerResponse.swift */,
				OBJ_113 /* IncomingHTTPSocketProcessor.swift */,
			);
			path = HTTP;
			sourceTree = "<group>";
		};
		OBJ_11 /* HeliumLogger 1.7.0 */ = {
			isa = PBXGroup;
			children = (
				OBJ_12 /* HeliumLogger */,
			);
			name = "HeliumLogger 1.7.0";
			sourceTree = SOURCE_ROOT;
		};
		OBJ_114 /* HTTPParser */ = {
			isa = PBXGroup;
			children = (
				OBJ_115 /* HTTPParser.swift */,
				OBJ_116 /* HTTPParserStatus.swift */,
				OBJ_117 /* ParseResults.swift */,
				OBJ_118 /* URLParser.swift */,
			);
			path = HTTPParser;
			sourceTree = "<group>";
		};
		OBJ_119 /* Server */ = {
			isa = PBXGroup;
			children = (
				OBJ_120 /* Server.swift */,
				OBJ_121 /* ServerDelegate.swift */,
				OBJ_122 /* ServerLifecycleListener.swift */,
				OBJ_123 /* ServerMonitor.swift */,
				OBJ_124 /* ServerState.swift */,
			);
			path = Server;
			sourceTree = "<group>";
		};
		OBJ_12 /* HeliumLogger */ = {
			isa = PBXGroup;
			children = (
				OBJ_13 /* HeliumLogger.swift */,
				OBJ_14 /* HeliumStreamLogger.swift */,
			);
			name = HeliumLogger;
			path = ".build/checkouts/HeliumLogger.git-2106793442615829935/Sources/HeliumLogger";
			sourceTree = SOURCE_ROOT;
		};
		OBJ_125 /* CHTTPParser */ = {
			isa = PBXGroup;
			children = (
				OBJ_126 /* http_parser.c */,
				OBJ_127 /* utils.c */,
				OBJ_128 /* include */,
			);
			name = CHTTPParser;
			path = ".build/checkouts/Kitura-net.git--7410958935072501107/Sources/CHTTPParser";
			sourceTree = SOURCE_ROOT;
		};
		OBJ_128 /* include */ = {
			isa = PBXGroup;
			children = (
				OBJ_129 /* http_parser.h */,
				OBJ_130 /* utils.h */,
				OBJ_131 /* module.modulemap */,
			);
			path = include;
			sourceTree = "<group>";
		};
		OBJ_132 /* SSLService 0.12.34 */ = {
			isa = PBXGroup;
			children = (
				OBJ_133 /* SSLService.swift */,
			);
			name = "SSLService 0.12.34";
			path = ".build/checkouts/BlueSSLService.git--6577639804771281610/Sources";
			sourceTree = SOURCE_ROOT;
		};
		OBJ_134 /* CCurl 0.2.3 */ = {
			isa = PBXGroup;
			children = (
			);
			name = "CCurl 0.2.3";
			path = ".build/checkouts/CCurl.git-8026296523752779197";
			sourceTree = SOURCE_ROOT;
		};
		OBJ_135 /* Socket 0.12.49 */ = {
			isa = PBXGroup;
			children = (
				OBJ_136 /* Socket.swift */,
				OBJ_137 /* SocketProtocols.swift */,
				OBJ_138 /* SocketUtils.swift */,
			);
			name = "Socket 0.12.49";
			path = ".build/checkouts/BlueSocket.git-3162807777605905816/Sources";
			sourceTree = SOURCE_ROOT;
		};
		OBJ_139 /* LoggerAPI 1.7.0 */ = {
			isa = PBXGroup;
			children = (
				OBJ_140 /* LoggerAPI */,
			);
			name = "LoggerAPI 1.7.0";
			sourceTree = SOURCE_ROOT;
		};
		OBJ_140 /* LoggerAPI */ = {
			isa = PBXGroup;
			children = (
				OBJ_141 /* Logger.swift */,
			);
			name = LoggerAPI;
			path = ".build/checkouts/LoggerAPI.git--6449715459278086880/Sources/LoggerAPI";
			sourceTree = SOURCE_ROOT;
		};
		OBJ_142 /* Products */ = {
			isa = PBXGroup;
			children = (
				OBJ_143 /* LoggerAPI.framework */,
				OBJ_144 /* Socket.framework */,
				OBJ_145 /* SSLService.framework */,
				OBJ_146 /* KituraNet.framework */,
				OBJ_147 /* CHTTPParser.framework */,
				OBJ_148 /* SwiftyJSON.framework */,
				OBJ_149 /* KituraTemplateEngine.framework */,
				OBJ_150 /* Kitura.framework */,
				OBJ_151 /* SwiftRedis.framework */,
				OBJ_152 /* HeliumLogger.framework */,
				OBJ_153 /* bni-builds */,
			);
			name = Products;
			sourceTree = BUILT_PRODUCTS_DIR;
		};
		OBJ_15 /* SwiftRedis 1.7.0 */ = {
			isa = PBXGroup;
			children = (
				OBJ_16 /* Redis+Basic.swift */,
				OBJ_17 /* Redis+Hash.swift */,
				OBJ_18 /* Redis+List.swift */,
				OBJ_19 /* Redis+Set.swift */,
				OBJ_20 /* Redis+SortedSet.swift */,
				OBJ_21 /* Redis.swift */,
				OBJ_22 /* RedisInfo.swift */,
				OBJ_23 /* RedisMisc.swift */,
				OBJ_24 /* RedisMulti+Basic.swift */,
				OBJ_25 /* RedisMulti+Hash.swift */,
				OBJ_26 /* RedisMulti+List.swift */,
				OBJ_27 /* RedisMulti+Set.swift */,
				OBJ_28 /* RedisMulti+SortedSet.swift */,
				OBJ_29 /* RedisMulti.swift */,
				OBJ_30 /* RedisResp.swift */,
			);
			name = "SwiftRedis 1.7.0";
			path = ".build/checkouts/Kitura-redis.git-512781379950766687/Sources";
			sourceTree = SOURCE_ROOT;
		};
		OBJ_31 /* Kitura 1.7.3 */ = {
			isa = PBXGroup;
			children = (
				OBJ_32 /* Kitura */,
			);
			name = "Kitura 1.7.3";
			sourceTree = SOURCE_ROOT;
		};
		OBJ_32 /* Kitura */ = {
			isa = PBXGroup;
			children = (
				OBJ_33 /* Error.swift */,
				OBJ_34 /* FileResourceServer.swift */,
				OBJ_35 /* Headers.swift */,
				OBJ_36 /* HTTPVersion.swift */,
				OBJ_37 /* InternalError.swift */,
				OBJ_38 /* JSONPError.swift */,
				OBJ_39 /* Kitura.swift */,
				OBJ_40 /* LinkParameter.swift */,
				OBJ_41 /* MimeTypeAcceptor.swift */,
				OBJ_42 /* Router.swift */,
				OBJ_43 /* RouteRegex.swift */,
				OBJ_44 /* RouterElement.swift */,
				OBJ_45 /* RouterElementWalker.swift */,
				OBJ_46 /* RouterHandler.swift */,
				OBJ_47 /* RouterHTTPVerbs+Error.swift */,
				OBJ_48 /* RouterHTTPVerbs_generated.swift */,
				OBJ_49 /* RouterMethod.swift */,
				OBJ_50 /* RouterMiddleware.swift */,
				OBJ_51 /* RouterMiddlewareGenerator.swift */,
				OBJ_52 /* RouterMiddlewareWalker.swift */,
				OBJ_53 /* RouterParameterWalker.swift */,
				OBJ_54 /* RouterRequest.swift */,
				OBJ_55 /* RouterResponse.swift */,
				OBJ_56 /* SSLConfig.swift */,
				OBJ_57 /* String+Extensions.swift */,
				OBJ_58 /* TemplatingError.swift */,
				OBJ_59 /* bodyParser */,
				OBJ_69 /* contentType */,
				OBJ_72 /* staticFileServer */,
			);
			name = Kitura;
			path = ".build/checkouts/Kitura.git-6522211175291160341/Sources/Kitura";
			sourceTree = SOURCE_ROOT;
		};
		OBJ_5 /*  */ = {
			isa = PBXGroup;
			children = (
				OBJ_6 /* Package.swift */,
				OBJ_7 /* Sources */,
				OBJ_9 /* Tests */,
				OBJ_10 /* Dependencies */,
				OBJ_142 /* Products */,
			);
			name = "";
			sourceTree = "<group>";
		};
		OBJ_59 /* bodyParser */ = {
			isa = PBXGroup;
			children = (
				OBJ_60 /* BodyParser.swift */,
				OBJ_61 /* BodyParserProtocol.swift */,
				OBJ_62 /* JSONBodyParser.swift */,
				OBJ_63 /* MultiPartBodyParser.swift */,
				OBJ_64 /* ParsedBody.swift */,
				OBJ_65 /* Part.swift */,
				OBJ_66 /* RawBodyParser.swift */,
				OBJ_67 /* TextBodyParser.swift */,
				OBJ_68 /* URLEncodedBodyParser.swift */,
			);
			path = bodyParser;
			sourceTree = "<group>";
		};
		OBJ_69 /* contentType */ = {
			isa = PBXGroup;
			children = (
				OBJ_70 /* ContentType.swift */,
				OBJ_71 /* types.swift */,
			);
			path = contentType;
			sourceTree = "<group>";
		};
		OBJ_7 /* Sources */ = {
			isa = PBXGroup;
			children = (
				OBJ_8 /* main.swift */,
			);
			path = Sources;
			sourceTree = SOURCE_ROOT;
		};
		OBJ_72 /* staticFileServer */ = {
			isa = PBXGroup;
			children = (
				OBJ_73 /* CacheRelatedHeadersSetter.swift */,
				OBJ_74 /* CompositeHeadersSetter.swift */,
				OBJ_75 /* FileServer.swift */,
				OBJ_76 /* ResourcePathHandler.swift */,
				OBJ_77 /* ResponseHeadersSetter.swift */,
				OBJ_78 /* StaticFileServer.swift */,
			);
			path = staticFileServer;
			sourceTree = "<group>";
		};
		OBJ_79 /* Kitura-TemplateEngine 1.7.0 */ = {
			isa = PBXGroup;
			children = (
				OBJ_80 /* KituraTemplateEngine */,
			);
			name = "Kitura-TemplateEngine 1.7.0";
			sourceTree = SOURCE_ROOT;
		};
		OBJ_80 /* KituraTemplateEngine */ = {
			isa = PBXGroup;
			children = (
				OBJ_81 /* TemplateEngine.swift */,
			);
			name = KituraTemplateEngine;
			path = ".build/checkouts/Kitura-TemplateEngine.git--5059963620657797085/Sources/KituraTemplateEngine";
			sourceTree = SOURCE_ROOT;
		};
		OBJ_82 /* SwiftyJSON 16.0.0 */ = {
			isa = PBXGroup;
			children = (
				OBJ_83 /* LclJSONSerialization.swift */,
				OBJ_84 /* SwiftyJSON.swift */,
			);
			name = "SwiftyJSON 16.0.0";
			path = ".build/checkouts/SwiftyJSON.git--6955445084174387031/Source";
			sourceTree = SOURCE_ROOT;
		};
		OBJ_85 /* Kitura-net 1.7.6 */ = {
			isa = PBXGroup;
			children = (
				OBJ_86 /* KituraNet */,
				OBJ_125 /* CHTTPParser */,
			);
			name = "Kitura-net 1.7.6";
			sourceTree = SOURCE_ROOT;
		};
		OBJ_86 /* KituraNet */ = {
			isa = PBXGroup;
			children = (
				OBJ_87 /* BufferList.swift */,
				OBJ_88 /* ClientRequest.swift */,
				OBJ_89 /* ClientResponse.swift */,
				OBJ_90 /* ConnectionUpgradeFactory.swift */,
				OBJ_91 /* ConnectionUpgrader.swift */,
				OBJ_92 /* Error.swift */,
				OBJ_93 /* HeadersContainer.swift */,
				OBJ_94 /* IncomingSocketHandler.swift */,
				OBJ_95 /* IncomingSocketManager.swift */,
				OBJ_96 /* IncomingSocketProcessor.swift */,
				OBJ_97 /* ListenerGroup.swift */,
				OBJ_98 /* ServerRequest.swift */,
				OBJ_99 /* ServerResponse.swift */,
				OBJ_100 /* SPIUtils.swift */,
				OBJ_101 /* FastCGI */,
				OBJ_108 /* HTTP */,
				OBJ_114 /* HTTPParser */,
				OBJ_119 /* Server */,
			);
			name = KituraNet;
			path = ".build/checkouts/Kitura-net.git--7410958935072501107/Sources/KituraNet";
			sourceTree = SOURCE_ROOT;
		};
		OBJ_9 /* Tests */ = {
			isa = PBXGroup;
			children = (
			);
			name = Tests;
			sourceTree = SOURCE_ROOT;
		};
/* End PBXGroup section */

/* Begin PBXNativeTarget section */
		OBJ_154 /* LoggerAPI */ = {
			isa = PBXNativeTarget;
			buildConfigurationList = OBJ_155 /* Build configuration list for PBXNativeTarget "LoggerAPI" */;
			buildPhases = (
				OBJ_158 /* Sources */,
				OBJ_160 /* Frameworks */,
			);
			buildRules = (
			);
			dependencies = (
			);
			name = LoggerAPI;
			productName = LoggerAPI;
			productReference = OBJ_143 /* LoggerAPI.framework */;
			productType = "com.apple.product-type.framework";
		};
		OBJ_161 /* Socket */ = {
			isa = PBXNativeTarget;
			buildConfigurationList = OBJ_162 /* Build configuration list for PBXNativeTarget "Socket" */;
			buildPhases = (
				OBJ_165 /* Sources */,
				OBJ_169 /* Frameworks */,
			);
			buildRules = (
			);
			dependencies = (
			);
			name = Socket;
			productName = Socket;
			productReference = OBJ_144 /* Socket.framework */;
			productType = "com.apple.product-type.framework";
		};
		OBJ_170 /* SSLService */ = {
			isa = PBXNativeTarget;
			buildConfigurationList = OBJ_171 /* Build configuration list for PBXNativeTarget "SSLService" */;
			buildPhases = (
				OBJ_174 /* Sources */,
				OBJ_176 /* Frameworks */,
			);
			buildRules = (
			);
			dependencies = (
				OBJ_178 /* PBXTargetDependency */,
			);
			name = SSLService;
			productName = SSLService;
			productReference = OBJ_145 /* SSLService.framework */;
			productType = "com.apple.product-type.framework";
		};
		OBJ_179 /* KituraNet */ = {
			isa = PBXNativeTarget;
			buildConfigurationList = OBJ_180 /* Build configuration list for PBXNativeTarget "KituraNet" */;
			buildPhases = (
				OBJ_183 /* Sources */,
				OBJ_218 /* Frameworks */,
			);
			buildRules = (
			);
			dependencies = (
				OBJ_223 /* PBXTargetDependency */,
				OBJ_224 /* PBXTargetDependency */,
				OBJ_225 /* PBXTargetDependency */,
				OBJ_226 /* PBXTargetDependency */,
			);
			name = KituraNet;
			productName = KituraNet;
			productReference = OBJ_146 /* KituraNet.framework */;
			productType = "com.apple.product-type.framework";
		};
		OBJ_227 /* CHTTPParser */ = {
			isa = PBXNativeTarget;
			buildConfigurationList = OBJ_228 /* Build configuration list for PBXNativeTarget "CHTTPParser" */;
			buildPhases = (
				OBJ_231 /* ShellScript */,
				OBJ_232 /* Sources */,
				OBJ_235 /* Frameworks */,
			);
			buildRules = (
			);
			dependencies = (
				OBJ_239 /* PBXTargetDependency */,
				OBJ_240 /* PBXTargetDependency */,
				OBJ_241 /* PBXTargetDependency */,
			);
			name = CHTTPParser;
			productName = CHTTPParser;
			productReference = OBJ_147 /* CHTTPParser.framework */;
			productType = "com.apple.product-type.framework";
		};
		OBJ_242 /* SwiftyJSON */ = {
			isa = PBXNativeTarget;
			buildConfigurationList = OBJ_243 /* Build configuration list for PBXNativeTarget "SwiftyJSON" */;
			buildPhases = (
				OBJ_246 /* Sources */,
				OBJ_249 /* Frameworks */,
			);
			buildRules = (
			);
			dependencies = (
			);
			name = SwiftyJSON;
			productName = SwiftyJSON;
			productReference = OBJ_148 /* SwiftyJSON.framework */;
			productType = "com.apple.product-type.framework";
		};
		OBJ_250 /* KituraTemplateEngine */ = {
			isa = PBXNativeTarget;
			buildConfigurationList = OBJ_251 /* Build configuration list for PBXNativeTarget "KituraTemplateEngine" */;
			buildPhases = (
				OBJ_254 /* Sources */,
				OBJ_256 /* Frameworks */,
			);
			buildRules = (
			);
			dependencies = (
			);
			name = KituraTemplateEngine;
			productName = KituraTemplateEngine;
			productReference = OBJ_149 /* KituraTemplateEngine.framework */;
			productType = "com.apple.product-type.framework";
		};
		OBJ_257 /* Kitura */ = {
			isa = PBXNativeTarget;
			buildConfigurationList = OBJ_258 /* Build configuration list for PBXNativeTarget "Kitura" */;
			buildPhases = (
				OBJ_261 /* Sources */,
				OBJ_305 /* Frameworks */,
			);
			buildRules = (
			);
			dependencies = (
				OBJ_313 /* PBXTargetDependency */,
				OBJ_314 /* PBXTargetDependency */,
				OBJ_315 /* PBXTargetDependency */,
				OBJ_316 /* PBXTargetDependency */,
				OBJ_317 /* PBXTargetDependency */,
				OBJ_318 /* PBXTargetDependency */,
				OBJ_319 /* PBXTargetDependency */,
			);
			name = Kitura;
			productName = Kitura;
			productReference = OBJ_150 /* Kitura.framework */;
			productType = "com.apple.product-type.framework";
		};
		OBJ_320 /* SwiftRedis */ = {
			isa = PBXNativeTarget;
			buildConfigurationList = OBJ_321 /* Build configuration list for PBXNativeTarget "SwiftRedis" */;
			buildPhases = (
				OBJ_324 /* Sources */,
				OBJ_340 /* Frameworks */,
			);
			buildRules = (
			);
			dependencies = (
				OBJ_342 /* PBXTargetDependency */,
			);
			name = SwiftRedis;
			productName = SwiftRedis;
			productReference = OBJ_151 /* SwiftRedis.framework */;
			productType = "com.apple.product-type.framework";
		};
		OBJ_343 /* HeliumLogger */ = {
			isa = PBXNativeTarget;
			buildConfigurationList = OBJ_344 /* Build configuration list for PBXNativeTarget "HeliumLogger" */;
			buildPhases = (
				OBJ_347 /* Sources */,
				OBJ_350 /* Frameworks */,
			);
			buildRules = (
			);
			dependencies = (
				OBJ_352 /* PBXTargetDependency */,
			);
			name = HeliumLogger;
			productName = HeliumLogger;
			productReference = OBJ_152 /* HeliumLogger.framework */;
			productType = "com.apple.product-type.framework";
		};
		OBJ_353 /* bni-builds */ = {
			isa = PBXNativeTarget;
			buildConfigurationList = OBJ_354 /* Build configuration list for PBXNativeTarget "bni-builds" */;
			buildPhases = (
				OBJ_357 /* Sources */,
				OBJ_359 /* Frameworks */,
			);
			buildRules = (
			);
			dependencies = (
				OBJ_370 /* PBXTargetDependency */,
				OBJ_371 /* PBXTargetDependency */,
				OBJ_372 /* PBXTargetDependency */,
				OBJ_373 /* PBXTargetDependency */,
				OBJ_374 /* PBXTargetDependency */,
				OBJ_375 /* PBXTargetDependency */,
				OBJ_376 /* PBXTargetDependency */,
				OBJ_377 /* PBXTargetDependency */,
				OBJ_378 /* PBXTargetDependency */,
				OBJ_379 /* PBXTargetDependency */,
			);
			name = "bni-builds";
			productName = bni_builds;
			productReference = OBJ_153 /* bni-builds */;
			productType = "com.apple.product-type.tool";
		};
/* End PBXNativeTarget section */

/* Begin PBXProject section */
		OBJ_1 /* Project object */ = {
			isa = PBXProject;
			attributes = {
				LastUpgradeCheck = 9999;
			};
			buildConfigurationList = OBJ_2 /* Build configuration list for PBXProject "bni-builds" */;
			compatibilityVersion = "Xcode 3.2";
			developmentRegion = English;
			hasScannedForEncodings = 0;
			knownRegions = (
				en,
			);
			mainGroup = OBJ_5 /*  */;
			productRefGroup = OBJ_142 /* Products */;
			projectDirPath = "";
			projectRoot = "";
			targets = (
				OBJ_154 /* LoggerAPI */,
				OBJ_161 /* Socket */,
				OBJ_170 /* SSLService */,
				OBJ_179 /* KituraNet */,
				OBJ_227 /* CHTTPParser */,
				OBJ_242 /* SwiftyJSON */,
				OBJ_250 /* KituraTemplateEngine */,
				OBJ_257 /* Kitura */,
				OBJ_320 /* SwiftRedis */,
				OBJ_343 /* HeliumLogger */,
				OBJ_353 /* bni-builds */,
			);
		};
/* End PBXProject section */

/* Begin PBXShellScriptBuildPhase section */
		OBJ_231 /* ShellScript */ = {
			isa = PBXShellScriptBuildPhase;
			buildActionMask = 0;
			files = (
			);
			runOnlyForDeploymentPostprocessing = 0;
			shellPath = /bin/sh;
			shellScript = "mkdir -p \"${PROJECT_TEMP_DIR}/SymlinkLibs\"\nln -sf \"${BUILT_PRODUCTS_DIR}/${EXECUTABLE_PATH}\" \"${PROJECT_TEMP_DIR}/SymlinkLibs/lib${EXECUTABLE_NAME}.dylib\"\n";
		};
/* End PBXShellScriptBuildPhase section */

/* Begin PBXSourcesBuildPhase section */
		OBJ_158 /* Sources */ = {
			isa = PBXSourcesBuildPhase;
			buildActionMask = 0;
			files = (
				OBJ_159 /* Logger.swift in Sources */,
			);
			runOnlyForDeploymentPostprocessing = 0;
		};
		OBJ_165 /* Sources */ = {
			isa = PBXSourcesBuildPhase;
			buildActionMask = 0;
			files = (
				OBJ_166 /* Socket.swift in Sources */,
				OBJ_167 /* SocketProtocols.swift in Sources */,
				OBJ_168 /* SocketUtils.swift in Sources */,
			);
			runOnlyForDeploymentPostprocessing = 0;
		};
		OBJ_174 /* Sources */ = {
			isa = PBXSourcesBuildPhase;
			buildActionMask = 0;
			files = (
				OBJ_175 /* SSLService.swift in Sources */,
			);
			runOnlyForDeploymentPostprocessing = 0;
		};
		OBJ_183 /* Sources */ = {
			isa = PBXSourcesBuildPhase;
			buildActionMask = 0;
			files = (
				OBJ_184 /* BufferList.swift in Sources */,
				OBJ_185 /* ClientRequest.swift in Sources */,
				OBJ_186 /* ClientResponse.swift in Sources */,
				OBJ_187 /* ConnectionUpgradeFactory.swift in Sources */,
				OBJ_188 /* ConnectionUpgrader.swift in Sources */,
				OBJ_189 /* Error.swift in Sources */,
				OBJ_190 /* HeadersContainer.swift in Sources */,
				OBJ_191 /* IncomingSocketHandler.swift in Sources */,
				OBJ_192 /* IncomingSocketManager.swift in Sources */,
				OBJ_193 /* IncomingSocketProcessor.swift in Sources */,
				OBJ_194 /* ListenerGroup.swift in Sources */,
				OBJ_195 /* ServerRequest.swift in Sources */,
				OBJ_196 /* ServerResponse.swift in Sources */,
				OBJ_197 /* SPIUtils.swift in Sources */,
				OBJ_198 /* FastCGI.swift in Sources */,
				OBJ_199 /* FastCGIRecordCreate.swift in Sources */,
				OBJ_200 /* FastCGIRecordParser.swift in Sources */,
				OBJ_201 /* FastCGIServer.swift in Sources */,
				OBJ_202 /* FastCGIServerRequest.swift in Sources */,
				OBJ_203 /* FastCGIServerResponse.swift in Sources */,
				OBJ_204 /* HTTP.swift in Sources */,
				OBJ_205 /* HTTPServer.swift in Sources */,
				OBJ_206 /* HTTPServerRequest.swift in Sources */,
				OBJ_207 /* HTTPServerResponse.swift in Sources */,
				OBJ_208 /* IncomingHTTPSocketProcessor.swift in Sources */,
				OBJ_209 /* HTTPParser.swift in Sources */,
				OBJ_210 /* HTTPParserStatus.swift in Sources */,
				OBJ_211 /* ParseResults.swift in Sources */,
				OBJ_212 /* URLParser.swift in Sources */,
				OBJ_213 /* Server.swift in Sources */,
				OBJ_214 /* ServerDelegate.swift in Sources */,
				OBJ_215 /* ServerLifecycleListener.swift in Sources */,
				OBJ_216 /* ServerMonitor.swift in Sources */,
				OBJ_217 /* ServerState.swift in Sources */,
			);
			runOnlyForDeploymentPostprocessing = 0;
		};
		OBJ_232 /* Sources */ = {
			isa = PBXSourcesBuildPhase;
			buildActionMask = 0;
			files = (
				OBJ_233 /* http_parser.c in Sources */,
				OBJ_234 /* utils.c in Sources */,
			);
			runOnlyForDeploymentPostprocessing = 0;
		};
		OBJ_246 /* Sources */ = {
			isa = PBXSourcesBuildPhase;
			buildActionMask = 0;
			files = (
				OBJ_247 /* LclJSONSerialization.swift in Sources */,
				OBJ_248 /* SwiftyJSON.swift in Sources */,
			);
			runOnlyForDeploymentPostprocessing = 0;
		};
		OBJ_254 /* Sources */ = {
			isa = PBXSourcesBuildPhase;
			buildActionMask = 0;
			files = (
				OBJ_255 /* TemplateEngine.swift in Sources */,
			);
			runOnlyForDeploymentPostprocessing = 0;
		};
		OBJ_261 /* Sources */ = {
			isa = PBXSourcesBuildPhase;
			buildActionMask = 0;
			files = (
				OBJ_262 /* Error.swift in Sources */,
				OBJ_263 /* FileResourceServer.swift in Sources */,
				OBJ_264 /* Headers.swift in Sources */,
				OBJ_265 /* HTTPVersion.swift in Sources */,
				OBJ_266 /* InternalError.swift in Sources */,
				OBJ_267 /* JSONPError.swift in Sources */,
				OBJ_268 /* Kitura.swift in Sources */,
				OBJ_269 /* LinkParameter.swift in Sources */,
				OBJ_270 /* MimeTypeAcceptor.swift in Sources */,
				OBJ_271 /* Router.swift in Sources */,
				OBJ_272 /* RouteRegex.swift in Sources */,
				OBJ_273 /* RouterElement.swift in Sources */,
				OBJ_274 /* RouterElementWalker.swift in Sources */,
				OBJ_275 /* RouterHandler.swift in Sources */,
				OBJ_276 /* RouterHTTPVerbs+Error.swift in Sources */,
				OBJ_277 /* RouterHTTPVerbs_generated.swift in Sources */,
				OBJ_278 /* RouterMethod.swift in Sources */,
				OBJ_279 /* RouterMiddleware.swift in Sources */,
				OBJ_280 /* RouterMiddlewareGenerator.swift in Sources */,
				OBJ_281 /* RouterMiddlewareWalker.swift in Sources */,
				OBJ_282 /* RouterParameterWalker.swift in Sources */,
				OBJ_283 /* RouterRequest.swift in Sources */,
				OBJ_284 /* RouterResponse.swift in Sources */,
				OBJ_285 /* SSLConfig.swift in Sources */,
				OBJ_286 /* String+Extensions.swift in Sources */,
				OBJ_287 /* TemplatingError.swift in Sources */,
				OBJ_288 /* BodyParser.swift in Sources */,
				OBJ_289 /* BodyParserProtocol.swift in Sources */,
				OBJ_290 /* JSONBodyParser.swift in Sources */,
				OBJ_291 /* MultiPartBodyParser.swift in Sources */,
				OBJ_292 /* ParsedBody.swift in Sources */,
				OBJ_293 /* Part.swift in Sources */,
				OBJ_294 /* RawBodyParser.swift in Sources */,
				OBJ_295 /* TextBodyParser.swift in Sources */,
				OBJ_296 /* URLEncodedBodyParser.swift in Sources */,
				OBJ_297 /* ContentType.swift in Sources */,
				OBJ_298 /* types.swift in Sources */,
				OBJ_299 /* CacheRelatedHeadersSetter.swift in Sources */,
				OBJ_300 /* CompositeHeadersSetter.swift in Sources */,
				OBJ_301 /* FileServer.swift in Sources */,
				OBJ_302 /* ResourcePathHandler.swift in Sources */,
				OBJ_303 /* ResponseHeadersSetter.swift in Sources */,
				OBJ_304 /* StaticFileServer.swift in Sources */,
			);
			runOnlyForDeploymentPostprocessing = 0;
		};
		OBJ_324 /* Sources */ = {
			isa = PBXSourcesBuildPhase;
			buildActionMask = 0;
			files = (
				OBJ_325 /* Redis+Basic.swift in Sources */,
				OBJ_326 /* Redis+Hash.swift in Sources */,
				OBJ_327 /* Redis+List.swift in Sources */,
				OBJ_328 /* Redis+Set.swift in Sources */,
				OBJ_329 /* Redis+SortedSet.swift in Sources */,
				OBJ_330 /* Redis.swift in Sources */,
				OBJ_331 /* RedisInfo.swift in Sources */,
				OBJ_332 /* RedisMisc.swift in Sources */,
				OBJ_333 /* RedisMulti+Basic.swift in Sources */,
				OBJ_334 /* RedisMulti+Hash.swift in Sources */,
				OBJ_335 /* RedisMulti+List.swift in Sources */,
				OBJ_336 /* RedisMulti+Set.swift in Sources */,
				OBJ_337 /* RedisMulti+SortedSet.swift in Sources */,
				OBJ_338 /* RedisMulti.swift in Sources */,
				OBJ_339 /* RedisResp.swift in Sources */,
			);
			runOnlyForDeploymentPostprocessing = 0;
		};
		OBJ_347 /* Sources */ = {
			isa = PBXSourcesBuildPhase;
			buildActionMask = 0;
			files = (
				OBJ_348 /* HeliumLogger.swift in Sources */,
				OBJ_349 /* HeliumStreamLogger.swift in Sources */,
			);
			runOnlyForDeploymentPostprocessing = 0;
		};
		OBJ_357 /* Sources */ = {
			isa = PBXSourcesBuildPhase;
			buildActionMask = 0;
			files = (
				OBJ_358 /* main.swift in Sources */,
			);
			runOnlyForDeploymentPostprocessing = 0;
		};
/* End PBXSourcesBuildPhase section */

/* Begin PBXTargetDependency section */
		OBJ_178 /* PBXTargetDependency */ = {
			isa = PBXTargetDependency;
			target = OBJ_161 /* Socket */;
			targetProxy = C65E1A8C1ED32A1E00577708 /* PBXContainerItemProxy */;
		};
		OBJ_223 /* PBXTargetDependency */ = {
			isa = PBXTargetDependency;
			target = OBJ_154 /* LoggerAPI */;
			targetProxy = C65E1A921ED32A1E00577708 /* PBXContainerItemProxy */;
		};
		OBJ_224 /* PBXTargetDependency */ = {
			isa = PBXTargetDependency;
			target = OBJ_161 /* Socket */;
			targetProxy = C65E1A931ED32A1E00577708 /* PBXContainerItemProxy */;
		};
		OBJ_225 /* PBXTargetDependency */ = {
			isa = PBXTargetDependency;
			target = OBJ_170 /* SSLService */;
			targetProxy = C65E1A941ED32A1E00577708 /* PBXContainerItemProxy */;
		};
		OBJ_226 /* PBXTargetDependency */ = {
			isa = PBXTargetDependency;
			target = OBJ_227 /* CHTTPParser */;
			targetProxy = C65E1A951ED32A1E00577708 /* PBXContainerItemProxy */;
		};
		OBJ_239 /* PBXTargetDependency */ = {
			isa = PBXTargetDependency;
			target = OBJ_154 /* LoggerAPI */;
			targetProxy = C65E1A8E1ED32A1E00577708 /* PBXContainerItemProxy */;
		};
		OBJ_240 /* PBXTargetDependency */ = {
			isa = PBXTargetDependency;
			target = OBJ_161 /* Socket */;
			targetProxy = C65E1A8F1ED32A1E00577708 /* PBXContainerItemProxy */;
		};
		OBJ_241 /* PBXTargetDependency */ = {
			isa = PBXTargetDependency;
			target = OBJ_170 /* SSLService */;
			targetProxy = C65E1A901ED32A1E00577708 /* PBXContainerItemProxy */;
		};
		OBJ_313 /* PBXTargetDependency */ = {
			isa = PBXTargetDependency;
			target = OBJ_154 /* LoggerAPI */;
			targetProxy = C65E1A991ED32A1E00577708 /* PBXContainerItemProxy */;
		};
		OBJ_314 /* PBXTargetDependency */ = {
			isa = PBXTargetDependency;
			target = OBJ_161 /* Socket */;
			targetProxy = C65E1A9A1ED32A1E00577708 /* PBXContainerItemProxy */;
		};
		OBJ_315 /* PBXTargetDependency */ = {
			isa = PBXTargetDependency;
			target = OBJ_170 /* SSLService */;
			targetProxy = C65E1A9B1ED32A1E00577708 /* PBXContainerItemProxy */;
		};
		OBJ_316 /* PBXTargetDependency */ = {
			isa = PBXTargetDependency;
			target = OBJ_227 /* CHTTPParser */;
			targetProxy = C65E1A9C1ED32A1E00577708 /* PBXContainerItemProxy */;
		};
		OBJ_317 /* PBXTargetDependency */ = {
			isa = PBXTargetDependency;
			target = OBJ_179 /* KituraNet */;
			targetProxy = C65E1A9D1ED32A1E00577708 /* PBXContainerItemProxy */;
		};
		OBJ_318 /* PBXTargetDependency */ = {
			isa = PBXTargetDependency;
			target = OBJ_242 /* SwiftyJSON */;
			targetProxy = C65E1A9E1ED32A1E00577708 /* PBXContainerItemProxy */;
		};
		OBJ_319 /* PBXTargetDependency */ = {
			isa = PBXTargetDependency;
			target = OBJ_250 /* KituraTemplateEngine */;
			targetProxy = C65E1A9F1ED32A1E00577708 /* PBXContainerItemProxy */;
		};
		OBJ_342 /* PBXTargetDependency */ = {
			isa = PBXTargetDependency;
			target = OBJ_161 /* Socket */;
			targetProxy = C65E1AA11ED32A1E00577708 /* PBXContainerItemProxy */;
		};
		OBJ_352 /* PBXTargetDependency */ = {
			isa = PBXTargetDependency;
			target = OBJ_154 /* LoggerAPI */;
			targetProxy = C65E1AA31ED32A1E00577708 /* PBXContainerItemProxy */;
		};
		OBJ_370 /* PBXTargetDependency */ = {
			isa = PBXTargetDependency;
			target = OBJ_154 /* LoggerAPI */;
			targetProxy = C65E1A891ED32A1E00577708 /* PBXContainerItemProxy */;
		};
		OBJ_371 /* PBXTargetDependency */ = {
			isa = PBXTargetDependency;
			target = OBJ_161 /* Socket */;
			targetProxy = C65E1A8A1ED32A1E00577708 /* PBXContainerItemProxy */;
		};
		OBJ_372 /* PBXTargetDependency */ = {
			isa = PBXTargetDependency;
			target = OBJ_170 /* SSLService */;
			targetProxy = C65E1A8B1ED32A1E00577708 /* PBXContainerItemProxy */;
		};
		OBJ_373 /* PBXTargetDependency */ = {
			isa = PBXTargetDependency;
			target = OBJ_227 /* CHTTPParser */;
			targetProxy = C65E1A8D1ED32A1E00577708 /* PBXContainerItemProxy */;
		};
		OBJ_374 /* PBXTargetDependency */ = {
			isa = PBXTargetDependency;
			target = OBJ_179 /* KituraNet */;
			targetProxy = C65E1A911ED32A1E00577708 /* PBXContainerItemProxy */;
		};
		OBJ_375 /* PBXTargetDependency */ = {
			isa = PBXTargetDependency;
			target = OBJ_242 /* SwiftyJSON */;
			targetProxy = C65E1A961ED32A1E00577708 /* PBXContainerItemProxy */;
		};
		OBJ_376 /* PBXTargetDependency */ = {
			isa = PBXTargetDependency;
			target = OBJ_250 /* KituraTemplateEngine */;
			targetProxy = C65E1A971ED32A1E00577708 /* PBXContainerItemProxy */;
		};
		OBJ_377 /* PBXTargetDependency */ = {
			isa = PBXTargetDependency;
			target = OBJ_257 /* Kitura */;
			targetProxy = C65E1A981ED32A1E00577708 /* PBXContainerItemProxy */;
		};
		OBJ_378 /* PBXTargetDependency */ = {
			isa = PBXTargetDependency;
			target = OBJ_320 /* SwiftRedis */;
			targetProxy = C65E1AA01ED32A1E00577708 /* PBXContainerItemProxy */;
		};
		OBJ_379 /* PBXTargetDependency */ = {
			isa = PBXTargetDependency;
			target = OBJ_343 /* HeliumLogger */;
			targetProxy = C65E1AA21ED32A1E00577708 /* PBXContainerItemProxy */;
		};
/* End PBXTargetDependency section */

/* Begin XCBuildConfiguration section */
		OBJ_156 /* Debug */ = {
			isa = XCBuildConfiguration;
			buildSettings = {
				ENABLE_TESTABILITY = YES;
				FRAMEWORK_SEARCH_PATHS = (
					"$(inherited)",
					"$(PLATFORM_DIR)/Developer/Library/Frameworks",
				);
				HEADER_SEARCH_PATHS = "$(inherited)";
				INFOPLIST_FILE = "bni-builds.xcodeproj/LoggerAPI_Info.plist";
				LD_RUNPATH_SEARCH_PATHS = "$(TOOLCHAIN_DIR)/usr/lib/swift/macosx";
				OTHER_LDFLAGS = "$(inherited)";
				OTHER_SWIFT_FLAGS = "$(inherited)";
				PRODUCT_BUNDLE_IDENTIFIER = LoggerAPI;
				PRODUCT_MODULE_NAME = "$(TARGET_NAME:c99extidentifier)";
				PRODUCT_NAME = "$(TARGET_NAME:c99extidentifier)";
				SKIP_INSTALL = YES;
				TARGET_NAME = LoggerAPI;
			};
			name = Debug;
		};
		OBJ_157 /* Release */ = {
			isa = XCBuildConfiguration;
			buildSettings = {
				ENABLE_TESTABILITY = YES;
				FRAMEWORK_SEARCH_PATHS = (
					"$(inherited)",
					"$(PLATFORM_DIR)/Developer/Library/Frameworks",
				);
				HEADER_SEARCH_PATHS = "$(inherited)";
				INFOPLIST_FILE = "bni-builds.xcodeproj/LoggerAPI_Info.plist";
				LD_RUNPATH_SEARCH_PATHS = "$(TOOLCHAIN_DIR)/usr/lib/swift/macosx";
				OTHER_LDFLAGS = "$(inherited)";
				OTHER_SWIFT_FLAGS = "$(inherited)";
				PRODUCT_BUNDLE_IDENTIFIER = LoggerAPI;
				PRODUCT_MODULE_NAME = "$(TARGET_NAME:c99extidentifier)";
				PRODUCT_NAME = "$(TARGET_NAME:c99extidentifier)";
				SKIP_INSTALL = YES;
				TARGET_NAME = LoggerAPI;
			};
			name = Release;
		};
		OBJ_163 /* Debug */ = {
			isa = XCBuildConfiguration;
			buildSettings = {
				ENABLE_TESTABILITY = YES;
				FRAMEWORK_SEARCH_PATHS = (
					"$(inherited)",
					"$(PLATFORM_DIR)/Developer/Library/Frameworks",
				);
				HEADER_SEARCH_PATHS = "$(inherited)";
				INFOPLIST_FILE = "bni-builds.xcodeproj/Socket_Info.plist";
				LD_RUNPATH_SEARCH_PATHS = "$(TOOLCHAIN_DIR)/usr/lib/swift/macosx";
				OTHER_LDFLAGS = "$(inherited)";
				OTHER_SWIFT_FLAGS = "$(inherited)";
				PRODUCT_BUNDLE_IDENTIFIER = Socket;
				PRODUCT_MODULE_NAME = "$(TARGET_NAME:c99extidentifier)";
				PRODUCT_NAME = "$(TARGET_NAME:c99extidentifier)";
				SKIP_INSTALL = YES;
				TARGET_NAME = Socket;
			};
			name = Debug;
		};
		OBJ_164 /* Release */ = {
			isa = XCBuildConfiguration;
			buildSettings = {
				ENABLE_TESTABILITY = YES;
				FRAMEWORK_SEARCH_PATHS = (
					"$(inherited)",
					"$(PLATFORM_DIR)/Developer/Library/Frameworks",
				);
				HEADER_SEARCH_PATHS = "$(inherited)";
				INFOPLIST_FILE = "bni-builds.xcodeproj/Socket_Info.plist";
				LD_RUNPATH_SEARCH_PATHS = "$(TOOLCHAIN_DIR)/usr/lib/swift/macosx";
				OTHER_LDFLAGS = "$(inherited)";
				OTHER_SWIFT_FLAGS = "$(inherited)";
				PRODUCT_BUNDLE_IDENTIFIER = Socket;
				PRODUCT_MODULE_NAME = "$(TARGET_NAME:c99extidentifier)";
				PRODUCT_NAME = "$(TARGET_NAME:c99extidentifier)";
				SKIP_INSTALL = YES;
				TARGET_NAME = Socket;
			};
			name = Release;
		};
		OBJ_172 /* Debug */ = {
			isa = XCBuildConfiguration;
			buildSettings = {
				ENABLE_TESTABILITY = YES;
				FRAMEWORK_SEARCH_PATHS = (
					"$(inherited)",
					"$(PLATFORM_DIR)/Developer/Library/Frameworks",
				);
				HEADER_SEARCH_PATHS = "$(inherited)";
				INFOPLIST_FILE = "bni-builds.xcodeproj/SSLService_Info.plist";
				LD_RUNPATH_SEARCH_PATHS = "$(TOOLCHAIN_DIR)/usr/lib/swift/macosx";
				OTHER_LDFLAGS = "$(inherited)";
				OTHER_SWIFT_FLAGS = "$(inherited)";
				PRODUCT_BUNDLE_IDENTIFIER = SSLService;
				PRODUCT_MODULE_NAME = "$(TARGET_NAME:c99extidentifier)";
				PRODUCT_NAME = "$(TARGET_NAME:c99extidentifier)";
				SKIP_INSTALL = YES;
				TARGET_NAME = SSLService;
			};
			name = Debug;
		};
		OBJ_173 /* Release */ = {
			isa = XCBuildConfiguration;
			buildSettings = {
				ENABLE_TESTABILITY = YES;
				FRAMEWORK_SEARCH_PATHS = (
					"$(inherited)",
					"$(PLATFORM_DIR)/Developer/Library/Frameworks",
				);
				HEADER_SEARCH_PATHS = "$(inherited)";
				INFOPLIST_FILE = "bni-builds.xcodeproj/SSLService_Info.plist";
				LD_RUNPATH_SEARCH_PATHS = "$(TOOLCHAIN_DIR)/usr/lib/swift/macosx";
				OTHER_LDFLAGS = "$(inherited)";
				OTHER_SWIFT_FLAGS = "$(inherited)";
				PRODUCT_BUNDLE_IDENTIFIER = SSLService;
				PRODUCT_MODULE_NAME = "$(TARGET_NAME:c99extidentifier)";
				PRODUCT_NAME = "$(TARGET_NAME:c99extidentifier)";
				SKIP_INSTALL = YES;
				TARGET_NAME = SSLService;
			};
			name = Release;
		};
		OBJ_181 /* Debug */ = {
			isa = XCBuildConfiguration;
			buildSettings = {
				ENABLE_TESTABILITY = YES;
				FRAMEWORK_SEARCH_PATHS = (
					"$(inherited)",
					"$(PLATFORM_DIR)/Developer/Library/Frameworks",
				);
				HEADER_SEARCH_PATHS = (
					"$(inherited)",
					"$(SRCROOT)/.build/checkouts/CCurl.git-8026296523752779197",
					"$(SRCROOT)/.build/checkouts/Kitura-net.git--7410958935072501107/Sources/CHTTPParser/include",
				);
				INFOPLIST_FILE = "bni-builds.xcodeproj/KituraNet_Info.plist";
				LD_RUNPATH_SEARCH_PATHS = "$(TOOLCHAIN_DIR)/usr/lib/swift/macosx";
				LIBRARY_SEARCH_PATHS = "$(PROJECT_TEMP_DIR)/SymlinkLibs/";
				OTHER_LDFLAGS = "$(inherited)";
				OTHER_SWIFT_FLAGS = "$(inherited) -Xcc -fmodule-map-file=$(SRCROOT)/.build/checkouts/Kitura-net.git--7410958935072501107/Sources/CHTTPParser/include/module.modulemap";
				PRODUCT_BUNDLE_IDENTIFIER = KituraNet;
				PRODUCT_MODULE_NAME = "$(TARGET_NAME:c99extidentifier)";
				PRODUCT_NAME = "$(TARGET_NAME:c99extidentifier)";
				SKIP_INSTALL = YES;
				TARGET_NAME = KituraNet;
			};
			name = Debug;
		};
		OBJ_182 /* Release */ = {
			isa = XCBuildConfiguration;
			buildSettings = {
				ENABLE_TESTABILITY = YES;
				FRAMEWORK_SEARCH_PATHS = (
					"$(inherited)",
					"$(PLATFORM_DIR)/Developer/Library/Frameworks",
				);
				HEADER_SEARCH_PATHS = (
					"$(inherited)",
					"$(SRCROOT)/.build/checkouts/CCurl.git-8026296523752779197",
					"$(SRCROOT)/.build/checkouts/Kitura-net.git--7410958935072501107/Sources/CHTTPParser/include",
				);
				INFOPLIST_FILE = "bni-builds.xcodeproj/KituraNet_Info.plist";
				LD_RUNPATH_SEARCH_PATHS = "$(TOOLCHAIN_DIR)/usr/lib/swift/macosx";
				LIBRARY_SEARCH_PATHS = "$(PROJECT_TEMP_DIR)/SymlinkLibs/";
				OTHER_LDFLAGS = "$(inherited)";
				OTHER_SWIFT_FLAGS = "$(inherited) -Xcc -fmodule-map-file=$(SRCROOT)/.build/checkouts/Kitura-net.git--7410958935072501107/Sources/CHTTPParser/include/module.modulemap";
				PRODUCT_BUNDLE_IDENTIFIER = KituraNet;
				PRODUCT_MODULE_NAME = "$(TARGET_NAME:c99extidentifier)";
				PRODUCT_NAME = "$(TARGET_NAME:c99extidentifier)";
				SKIP_INSTALL = YES;
				TARGET_NAME = KituraNet;
			};
			name = Release;
		};
		OBJ_229 /* Debug */ = {
			isa = XCBuildConfiguration;
			buildSettings = {
				DEFINES_MODULE = NO;
				ENABLE_TESTABILITY = YES;
				FRAMEWORK_SEARCH_PATHS = (
					"$(inherited)",
					"$(PLATFORM_DIR)/Developer/Library/Frameworks",
				);
				HEADER_SEARCH_PATHS = (
					"$(inherited)",
					"$(SRCROOT)/.build/checkouts/Kitura-net.git--7410958935072501107/Sources/CHTTPParser/include",
					"$(SRCROOT)/.build/checkouts/CCurl.git-8026296523752779197",
				);
				INFOPLIST_FILE = "bni-builds.xcodeproj/CHTTPParser_Info.plist";
				LD_RUNPATH_SEARCH_PATHS = "$(TOOLCHAIN_DIR)/usr/lib/swift/macosx";
				OTHER_LDFLAGS = "$(inherited)";
				OTHER_SWIFT_FLAGS = "$(inherited)";
				PRODUCT_BUNDLE_IDENTIFIER = CHTTPParser;
				PRODUCT_MODULE_NAME = "$(TARGET_NAME:c99extidentifier)";
				PRODUCT_NAME = "$(TARGET_NAME:c99extidentifier)";
				SKIP_INSTALL = YES;
				TARGET_NAME = CHTTPParser;
			};
			name = Debug;
		};
		OBJ_230 /* Release */ = {
			isa = XCBuildConfiguration;
			buildSettings = {
				DEFINES_MODULE = NO;
				ENABLE_TESTABILITY = YES;
				FRAMEWORK_SEARCH_PATHS = (
					"$(inherited)",
					"$(PLATFORM_DIR)/Developer/Library/Frameworks",
				);
				HEADER_SEARCH_PATHS = (
					"$(inherited)",
					"$(SRCROOT)/.build/checkouts/Kitura-net.git--7410958935072501107/Sources/CHTTPParser/include",
					"$(SRCROOT)/.build/checkouts/CCurl.git-8026296523752779197",
				);
				INFOPLIST_FILE = "bni-builds.xcodeproj/CHTTPParser_Info.plist";
				LD_RUNPATH_SEARCH_PATHS = "$(TOOLCHAIN_DIR)/usr/lib/swift/macosx";
				OTHER_LDFLAGS = "$(inherited)";
				OTHER_SWIFT_FLAGS = "$(inherited)";
				PRODUCT_BUNDLE_IDENTIFIER = CHTTPParser;
				PRODUCT_MODULE_NAME = "$(TARGET_NAME:c99extidentifier)";
				PRODUCT_NAME = "$(TARGET_NAME:c99extidentifier)";
				SKIP_INSTALL = YES;
				TARGET_NAME = CHTTPParser;
			};
			name = Release;
		};
		OBJ_244 /* Debug */ = {
			isa = XCBuildConfiguration;
			buildSettings = {
				ENABLE_TESTABILITY = YES;
				FRAMEWORK_SEARCH_PATHS = (
					"$(inherited)",
					"$(PLATFORM_DIR)/Developer/Library/Frameworks",
				);
				HEADER_SEARCH_PATHS = "$(inherited)";
				INFOPLIST_FILE = "bni-builds.xcodeproj/SwiftyJSON_Info.plist";
				LD_RUNPATH_SEARCH_PATHS = "$(TOOLCHAIN_DIR)/usr/lib/swift/macosx";
				OTHER_LDFLAGS = "$(inherited)";
				OTHER_SWIFT_FLAGS = "$(inherited)";
				PRODUCT_BUNDLE_IDENTIFIER = SwiftyJSON;
				PRODUCT_MODULE_NAME = "$(TARGET_NAME:c99extidentifier)";
				PRODUCT_NAME = "$(TARGET_NAME:c99extidentifier)";
				SKIP_INSTALL = YES;
				TARGET_NAME = SwiftyJSON;
			};
			name = Debug;
		};
		OBJ_245 /* Release */ = {
			isa = XCBuildConfiguration;
			buildSettings = {
				ENABLE_TESTABILITY = YES;
				FRAMEWORK_SEARCH_PATHS = (
					"$(inherited)",
					"$(PLATFORM_DIR)/Developer/Library/Frameworks",
				);
				HEADER_SEARCH_PATHS = "$(inherited)";
				INFOPLIST_FILE = "bni-builds.xcodeproj/SwiftyJSON_Info.plist";
				LD_RUNPATH_SEARCH_PATHS = "$(TOOLCHAIN_DIR)/usr/lib/swift/macosx";
				OTHER_LDFLAGS = "$(inherited)";
				OTHER_SWIFT_FLAGS = "$(inherited)";
				PRODUCT_BUNDLE_IDENTIFIER = SwiftyJSON;
				PRODUCT_MODULE_NAME = "$(TARGET_NAME:c99extidentifier)";
				PRODUCT_NAME = "$(TARGET_NAME:c99extidentifier)";
				SKIP_INSTALL = YES;
				TARGET_NAME = SwiftyJSON;
			};
			name = Release;
		};
		OBJ_252 /* Debug */ = {
			isa = XCBuildConfiguration;
			buildSettings = {
				ENABLE_TESTABILITY = YES;
				FRAMEWORK_SEARCH_PATHS = (
					"$(inherited)",
					"$(PLATFORM_DIR)/Developer/Library/Frameworks",
				);
				HEADER_SEARCH_PATHS = "$(inherited)";
				INFOPLIST_FILE = "bni-builds.xcodeproj/KituraTemplateEngine_Info.plist";
				LD_RUNPATH_SEARCH_PATHS = "$(TOOLCHAIN_DIR)/usr/lib/swift/macosx";
				OTHER_LDFLAGS = "$(inherited)";
				OTHER_SWIFT_FLAGS = "$(inherited)";
				PRODUCT_BUNDLE_IDENTIFIER = KituraTemplateEngine;
				PRODUCT_MODULE_NAME = "$(TARGET_NAME:c99extidentifier)";
				PRODUCT_NAME = "$(TARGET_NAME:c99extidentifier)";
				SKIP_INSTALL = YES;
				TARGET_NAME = KituraTemplateEngine;
			};
			name = Debug;
		};
		OBJ_253 /* Release */ = {
			isa = XCBuildConfiguration;
			buildSettings = {
				ENABLE_TESTABILITY = YES;
				FRAMEWORK_SEARCH_PATHS = (
					"$(inherited)",
					"$(PLATFORM_DIR)/Developer/Library/Frameworks",
				);
				HEADER_SEARCH_PATHS = "$(inherited)";
				INFOPLIST_FILE = "bni-builds.xcodeproj/KituraTemplateEngine_Info.plist";
				LD_RUNPATH_SEARCH_PATHS = "$(TOOLCHAIN_DIR)/usr/lib/swift/macosx";
				OTHER_LDFLAGS = "$(inherited)";
				OTHER_SWIFT_FLAGS = "$(inherited)";
				PRODUCT_BUNDLE_IDENTIFIER = KituraTemplateEngine;
				PRODUCT_MODULE_NAME = "$(TARGET_NAME:c99extidentifier)";
				PRODUCT_NAME = "$(TARGET_NAME:c99extidentifier)";
				SKIP_INSTALL = YES;
				TARGET_NAME = KituraTemplateEngine;
			};
			name = Release;
		};
		OBJ_259 /* Debug */ = {
			isa = XCBuildConfiguration;
			buildSettings = {
				ENABLE_TESTABILITY = YES;
				FRAMEWORK_SEARCH_PATHS = (
					"$(inherited)",
					"$(PLATFORM_DIR)/Developer/Library/Frameworks",
				);
				HEADER_SEARCH_PATHS = (
					"$(inherited)",
					"$(SRCROOT)/.build/checkouts/CCurl.git-8026296523752779197",
					"$(SRCROOT)/.build/checkouts/Kitura-net.git--7410958935072501107/Sources/CHTTPParser/include",
				);
				INFOPLIST_FILE = "bni-builds.xcodeproj/Kitura_Info.plist";
				LD_RUNPATH_SEARCH_PATHS = "$(TOOLCHAIN_DIR)/usr/lib/swift/macosx";
				LIBRARY_SEARCH_PATHS = "$(PROJECT_TEMP_DIR)/SymlinkLibs/";
				OTHER_LDFLAGS = "$(inherited)";
				OTHER_SWIFT_FLAGS = "$(inherited) -Xcc -fmodule-map-file=$(SRCROOT)/.build/checkouts/Kitura-net.git--7410958935072501107/Sources/CHTTPParser/include/module.modulemap";
				PRODUCT_BUNDLE_IDENTIFIER = Kitura;
				PRODUCT_MODULE_NAME = "$(TARGET_NAME:c99extidentifier)";
				PRODUCT_NAME = "$(TARGET_NAME:c99extidentifier)";
				SKIP_INSTALL = YES;
				TARGET_NAME = Kitura;
			};
			name = Debug;
		};
		OBJ_260 /* Release */ = {
			isa = XCBuildConfiguration;
			buildSettings = {
				ENABLE_TESTABILITY = YES;
				FRAMEWORK_SEARCH_PATHS = (
					"$(inherited)",
					"$(PLATFORM_DIR)/Developer/Library/Frameworks",
				);
				HEADER_SEARCH_PATHS = (
					"$(inherited)",
					"$(SRCROOT)/.build/checkouts/CCurl.git-8026296523752779197",
					"$(SRCROOT)/.build/checkouts/Kitura-net.git--7410958935072501107/Sources/CHTTPParser/include",
				);
				INFOPLIST_FILE = "bni-builds.xcodeproj/Kitura_Info.plist";
				LD_RUNPATH_SEARCH_PATHS = "$(TOOLCHAIN_DIR)/usr/lib/swift/macosx";
				LIBRARY_SEARCH_PATHS = "$(PROJECT_TEMP_DIR)/SymlinkLibs/";
				OTHER_LDFLAGS = "$(inherited)";
				OTHER_SWIFT_FLAGS = "$(inherited) -Xcc -fmodule-map-file=$(SRCROOT)/.build/checkouts/Kitura-net.git--7410958935072501107/Sources/CHTTPParser/include/module.modulemap";
				PRODUCT_BUNDLE_IDENTIFIER = Kitura;
				PRODUCT_MODULE_NAME = "$(TARGET_NAME:c99extidentifier)";
				PRODUCT_NAME = "$(TARGET_NAME:c99extidentifier)";
				SKIP_INSTALL = YES;
				TARGET_NAME = Kitura;
			};
			name = Release;
		};
		OBJ_3 /* Debug */ = {
			isa = XCBuildConfiguration;
			buildSettings = {
				CLANG_ENABLE_OBJC_ARC = YES;
				COMBINE_HIDPI_IMAGES = YES;
				COPY_PHASE_STRIP = NO;
				DEBUG_INFORMATION_FORMAT = dwarf;
				DYLIB_INSTALL_NAME_BASE = "@rpath";
				ENABLE_NS_ASSERTIONS = YES;
				GCC_OPTIMIZATION_LEVEL = 0;
				MACOSX_DEPLOYMENT_TARGET = 10.10;
				ONLY_ACTIVE_ARCH = YES;
				OTHER_SWIFT_FLAGS = "-DXcode";
				PRODUCT_NAME = "$(TARGET_NAME)";
				SDKROOT = macosx;
				SUPPORTED_PLATFORMS = "macosx iphoneos iphonesimulator appletvos appletvsimulator watchos watchsimulator";
				SWIFT_ACTIVE_COMPILATION_CONDITIONS = SWIFT_PACKAGE;
				SWIFT_OPTIMIZATION_LEVEL = "-Onone";
				SWIFT_VERSION = 3.0;
				USE_HEADERMAP = NO;
			};
			name = Debug;
		};
		OBJ_322 /* Debug */ = {
			isa = XCBuildConfiguration;
			buildSettings = {
				ENABLE_TESTABILITY = YES;
				FRAMEWORK_SEARCH_PATHS = (
					"$(inherited)",
					"$(PLATFORM_DIR)/Developer/Library/Frameworks",
				);
				HEADER_SEARCH_PATHS = "$(inherited)";
				INFOPLIST_FILE = "bni-builds.xcodeproj/SwiftRedis_Info.plist";
				LD_RUNPATH_SEARCH_PATHS = "$(TOOLCHAIN_DIR)/usr/lib/swift/macosx";
				OTHER_LDFLAGS = "$(inherited)";
				OTHER_SWIFT_FLAGS = "$(inherited)";
				PRODUCT_BUNDLE_IDENTIFIER = SwiftRedis;
				PRODUCT_MODULE_NAME = "$(TARGET_NAME:c99extidentifier)";
				PRODUCT_NAME = "$(TARGET_NAME:c99extidentifier)";
				SKIP_INSTALL = YES;
				TARGET_NAME = SwiftRedis;
			};
			name = Debug;
		};
		OBJ_323 /* Release */ = {
			isa = XCBuildConfiguration;
			buildSettings = {
				ENABLE_TESTABILITY = YES;
				FRAMEWORK_SEARCH_PATHS = (
					"$(inherited)",
					"$(PLATFORM_DIR)/Developer/Library/Frameworks",
				);
				HEADER_SEARCH_PATHS = "$(inherited)";
				INFOPLIST_FILE = "bni-builds.xcodeproj/SwiftRedis_Info.plist";
				LD_RUNPATH_SEARCH_PATHS = "$(TOOLCHAIN_DIR)/usr/lib/swift/macosx";
				OTHER_LDFLAGS = "$(inherited)";
				OTHER_SWIFT_FLAGS = "$(inherited)";
				PRODUCT_BUNDLE_IDENTIFIER = SwiftRedis;
				PRODUCT_MODULE_NAME = "$(TARGET_NAME:c99extidentifier)";
				PRODUCT_NAME = "$(TARGET_NAME:c99extidentifier)";
				SKIP_INSTALL = YES;
				TARGET_NAME = SwiftRedis;
			};
			name = Release;
		};
		OBJ_345 /* Debug */ = {
			isa = XCBuildConfiguration;
			buildSettings = {
				ENABLE_TESTABILITY = YES;
				FRAMEWORK_SEARCH_PATHS = (
					"$(inherited)",
					"$(PLATFORM_DIR)/Developer/Library/Frameworks",
				);
				HEADER_SEARCH_PATHS = "$(inherited)";
				INFOPLIST_FILE = "bni-builds.xcodeproj/HeliumLogger_Info.plist";
				LD_RUNPATH_SEARCH_PATHS = "$(TOOLCHAIN_DIR)/usr/lib/swift/macosx";
				OTHER_LDFLAGS = "$(inherited)";
				OTHER_SWIFT_FLAGS = "$(inherited)";
				PRODUCT_BUNDLE_IDENTIFIER = HeliumLogger;
				PRODUCT_MODULE_NAME = "$(TARGET_NAME:c99extidentifier)";
				PRODUCT_NAME = "$(TARGET_NAME:c99extidentifier)";
				SKIP_INSTALL = YES;
				TARGET_NAME = HeliumLogger;
			};
			name = Debug;
		};
		OBJ_346 /* Release */ = {
			isa = XCBuildConfiguration;
			buildSettings = {
				ENABLE_TESTABILITY = YES;
				FRAMEWORK_SEARCH_PATHS = (
					"$(inherited)",
					"$(PLATFORM_DIR)/Developer/Library/Frameworks",
				);
				HEADER_SEARCH_PATHS = "$(inherited)";
				INFOPLIST_FILE = "bni-builds.xcodeproj/HeliumLogger_Info.plist";
				LD_RUNPATH_SEARCH_PATHS = "$(TOOLCHAIN_DIR)/usr/lib/swift/macosx";
				OTHER_LDFLAGS = "$(inherited)";
				OTHER_SWIFT_FLAGS = "$(inherited)";
				PRODUCT_BUNDLE_IDENTIFIER = HeliumLogger;
				PRODUCT_MODULE_NAME = "$(TARGET_NAME:c99extidentifier)";
				PRODUCT_NAME = "$(TARGET_NAME:c99extidentifier)";
				SKIP_INSTALL = YES;
				TARGET_NAME = HeliumLogger;
			};
			name = Release;
		};
		OBJ_355 /* Debug */ = {
			isa = XCBuildConfiguration;
			buildSettings = {
				FRAMEWORK_SEARCH_PATHS = (
					"$(inherited)",
					"$(PLATFORM_DIR)/Developer/Library/Frameworks",
				);
				HEADER_SEARCH_PATHS = (
					"$(inherited)",
					"$(SRCROOT)/.build/checkouts/CCurl.git-8026296523752779197",
					"$(SRCROOT)/.build/checkouts/Kitura-net.git--7410958935072501107/Sources/CHTTPParser/include",
				);
				INFOPLIST_FILE = "bni-builds.xcodeproj/bni_builds_Info.plist";
				LD_RUNPATH_SEARCH_PATHS = "$(TOOLCHAIN_DIR)/usr/lib/swift/macosx @executable_path";
				LIBRARY_SEARCH_PATHS = "$(PROJECT_TEMP_DIR)/SymlinkLibs/";
				OTHER_LDFLAGS = "$(inherited)";
				OTHER_SWIFT_FLAGS = "$(inherited) -Xcc -fmodule-map-file=$(SRCROOT)/.build/checkouts/Kitura-net.git--7410958935072501107/Sources/CHTTPParser/include/module.modulemap";
				SWIFT_FORCE_DYNAMIC_LINK_STDLIB = YES;
				SWIFT_FORCE_STATIC_LINK_STDLIB = NO;
				TARGET_NAME = "bni-builds";
			};
			name = Debug;
		};
		OBJ_356 /* Release */ = {
			isa = XCBuildConfiguration;
			buildSettings = {
				FRAMEWORK_SEARCH_PATHS = (
					"$(inherited)",
					"$(PLATFORM_DIR)/Developer/Library/Frameworks",
				);
				HEADER_SEARCH_PATHS = (
					"$(inherited)",
					"$(SRCROOT)/.build/checkouts/CCurl.git-8026296523752779197",
					"$(SRCROOT)/.build/checkouts/Kitura-net.git--7410958935072501107/Sources/CHTTPParser/include",
				);
				INFOPLIST_FILE = "bni-builds.xcodeproj/bni_builds_Info.plist";
				LD_RUNPATH_SEARCH_PATHS = "$(TOOLCHAIN_DIR)/usr/lib/swift/macosx @executable_path";
				LIBRARY_SEARCH_PATHS = "$(PROJECT_TEMP_DIR)/SymlinkLibs/";
				OTHER_LDFLAGS = "$(inherited)";
				OTHER_SWIFT_FLAGS = "$(inherited) -Xcc -fmodule-map-file=$(SRCROOT)/.build/checkouts/Kitura-net.git--7410958935072501107/Sources/CHTTPParser/include/module.modulemap";
				SWIFT_FORCE_DYNAMIC_LINK_STDLIB = YES;
				SWIFT_FORCE_STATIC_LINK_STDLIB = NO;
				TARGET_NAME = "bni-builds";
			};
			name = Release;
		};
		OBJ_4 /* Release */ = {
			isa = XCBuildConfiguration;
			buildSettings = {
				CLANG_ENABLE_OBJC_ARC = YES;
				COMBINE_HIDPI_IMAGES = YES;
				COPY_PHASE_STRIP = YES;
				DEBUG_INFORMATION_FORMAT = "dwarf-with-dsym";
				DYLIB_INSTALL_NAME_BASE = "@rpath";
				GCC_OPTIMIZATION_LEVEL = s;
				MACOSX_DEPLOYMENT_TARGET = 10.10;
				OTHER_SWIFT_FLAGS = "-DXcode";
				PRODUCT_NAME = "$(TARGET_NAME)";
				SDKROOT = macosx;
				SUPPORTED_PLATFORMS = "macosx iphoneos iphonesimulator appletvos appletvsimulator watchos watchsimulator";
				SWIFT_ACTIVE_COMPILATION_CONDITIONS = SWIFT_PACKAGE;
				SWIFT_OPTIMIZATION_LEVEL = "-Owholemodule";
				SWIFT_VERSION = 3.0;
				USE_HEADERMAP = NO;
			};
			name = Release;
		};
/* End XCBuildConfiguration section */

/* Begin XCConfigurationList section */
		OBJ_155 /* Build configuration list for PBXNativeTarget "LoggerAPI" */ = {
			isa = XCConfigurationList;
			buildConfigurations = (
				OBJ_156 /* Debug */,
				OBJ_157 /* Release */,
			);
			defaultConfigurationIsVisible = 0;
			defaultConfigurationName = Debug;
		};
		OBJ_162 /* Build configuration list for PBXNativeTarget "Socket" */ = {
			isa = XCConfigurationList;
			buildConfigurations = (
				OBJ_163 /* Debug */,
				OBJ_164 /* Release */,
			);
			defaultConfigurationIsVisible = 0;
			defaultConfigurationName = Debug;
		};
		OBJ_171 /* Build configuration list for PBXNativeTarget "SSLService" */ = {
			isa = XCConfigurationList;
			buildConfigurations = (
				OBJ_172 /* Debug */,
				OBJ_173 /* Release */,
			);
			defaultConfigurationIsVisible = 0;
			defaultConfigurationName = Debug;
		};
		OBJ_180 /* Build configuration list for PBXNativeTarget "KituraNet" */ = {
			isa = XCConfigurationList;
			buildConfigurations = (
				OBJ_181 /* Debug */,
				OBJ_182 /* Release */,
			);
			defaultConfigurationIsVisible = 0;
			defaultConfigurationName = Debug;
		};
		OBJ_2 /* Build configuration list for PBXProject "bni-builds" */ = {
			isa = XCConfigurationList;
			buildConfigurations = (
				OBJ_3 /* Debug */,
				OBJ_4 /* Release */,
			);
			defaultConfigurationIsVisible = 0;
			defaultConfigurationName = Debug;
		};
		OBJ_228 /* Build configuration list for PBXNativeTarget "CHTTPParser" */ = {
			isa = XCConfigurationList;
			buildConfigurations = (
				OBJ_229 /* Debug */,
				OBJ_230 /* Release */,
			);
			defaultConfigurationIsVisible = 0;
			defaultConfigurationName = Debug;
		};
		OBJ_243 /* Build configuration list for PBXNativeTarget "SwiftyJSON" */ = {
			isa = XCConfigurationList;
			buildConfigurations = (
				OBJ_244 /* Debug */,
				OBJ_245 /* Release */,
			);
			defaultConfigurationIsVisible = 0;
			defaultConfigurationName = Debug;
		};
		OBJ_251 /* Build configuration list for PBXNativeTarget "KituraTemplateEngine" */ = {
			isa = XCConfigurationList;
			buildConfigurations = (
				OBJ_252 /* Debug */,
				OBJ_253 /* Release */,
			);
			defaultConfigurationIsVisible = 0;
			defaultConfigurationName = Debug;
		};
		OBJ_258 /* Build configuration list for PBXNativeTarget "Kitura" */ = {
			isa = XCConfigurationList;
			buildConfigurations = (
				OBJ_259 /* Debug */,
				OBJ_260 /* Release */,
			);
			defaultConfigurationIsVisible = 0;
			defaultConfigurationName = Debug;
		};
		OBJ_321 /* Build configuration list for PBXNativeTarget "SwiftRedis" */ = {
			isa = XCConfigurationList;
			buildConfigurations = (
				OBJ_322 /* Debug */,
				OBJ_323 /* Release */,
			);
			defaultConfigurationIsVisible = 0;
			defaultConfigurationName = Debug;
		};
		OBJ_344 /* Build configuration list for PBXNativeTarget "HeliumLogger" */ = {
			isa = XCConfigurationList;
			buildConfigurations = (
				OBJ_345 /* Debug */,
				OBJ_346 /* Release */,
			);
			defaultConfigurationIsVisible = 0;
			defaultConfigurationName = Debug;
		};
		OBJ_354 /* Build configuration list for PBXNativeTarget "bni-builds" */ = {
			isa = XCConfigurationList;
			buildConfigurations = (
				OBJ_355 /* Debug */,
				OBJ_356 /* Release */,
			);
			defaultConfigurationIsVisible = 0;
			defaultConfigurationName = Debug;
		};
/* End XCConfigurationList section */
	};
	rootObject = OBJ_1 /* Project object */;
}
